// !$*UTF8*$!
{
	archiveVersion = 1;
	classes = {
	};
	objectVersion = 46;
	objects = {

/* Begin PBXBuildFile section */
		705BB1A41AD649D50027F342 /* main.cpp in Sources */ = {isa = PBXBuildFile; fileRef = 705BB1A31AD649D50027F342 /* main.cpp */; };
/* End PBXBuildFile section */

/* Begin PBXCopyFilesBuildPhase section */
		705BB19E1AD649D50027F342 /* CopyFiles */ = {
			isa = PBXCopyFilesBuildPhase;
			buildActionMask = 2147483647;
			dstPath = /usr/share/man/man1/;
			dstSubfolderSpec = 0;
			files = (
			);
			runOnlyForDeploymentPostprocessing = 1;
		};
/* End PBXCopyFilesBuildPhase section */

/* Begin PBXFileReference section */
		705BB1A01AD649D50027F342 /* Harmony */ = {isa = PBXFileReference; explicitFileType = "compiled.mach-o.executable"; includeInIndex = 0; path = Harmony; sourceTree = BUILT_PRODUCTS_DIR; };
		705BB1A31AD649D50027F342 /* main.cpp */ = {isa = PBXFileReference; lastKnownFileType = sourcecode.cpp.cpp; path = main.cpp; sourceTree = "<group>"; };
		7061B65F1ADA2F8A00B12C66 /* Meta.xcodeproj */ = {isa = PBXFileReference; lastKnownFileType = "wrapper.pb-project"; name = Meta.xcodeproj; path = Meta/Meta.xcodeproj; sourceTree = "<group>"; };
		7061B66B1ADA310900B12C66 /* utils.xcodeproj */ = {isa = PBXFileReference; lastKnownFileType = "wrapper.pb-project"; name = utils.xcodeproj; path = utils/utils.xcodeproj; sourceTree = "<group>"; };
		70B158A11AD64EB800B49EDA /* Core.xcodeproj */ = {isa = PBXFileReference; lastKnownFileType = "wrapper.pb-project"; name = Core.xcodeproj; path = Core/Core.xcodeproj; sourceTree = "<group>"; };
		70B158AC1AD6503400B49EDA /* Factory.xcodeproj */ = {isa = PBXFileReference; lastKnownFileType = "wrapper.pb-project"; name = Factory.xcodeproj; path = Factory/Factory.xcodeproj; sourceTree = "<group>"; };
/* End PBXFileReference section */

/* Begin PBXFrameworksBuildPhase section */
		705BB19D1AD649D50027F342 /* Frameworks */ = {
			isa = PBXFrameworksBuildPhase;
			buildActionMask = 2147483647;
			files = (
			);
			runOnlyForDeploymentPostprocessing = 0;
		};
/* End PBXFrameworksBuildPhase section */

/* Begin PBXGroup section */
		705BB1971AD649D50027F342 = {
			isa = PBXGroup;
			children = (
				7061B66B1ADA310900B12C66 /* utils.xcodeproj */,
				7061B65F1ADA2F8A00B12C66 /* Meta.xcodeproj */,
				70B158AC1AD6503400B49EDA /* Factory.xcodeproj */,
				70B158A11AD64EB800B49EDA /* Core.xcodeproj */,
				705BB1A21AD649D50027F342 /* Harmony */,
				705BB1A11AD649D50027F342 /* Products */,
			);
			sourceTree = "<group>";
		};
		705BB1A11AD649D50027F342 /* Products */ = {
			isa = PBXGroup;
			children = (
				705BB1A01AD649D50027F342 /* Harmony */,
			);
			name = Products;
			sourceTree = "<group>";
		};
		705BB1A21AD649D50027F342 /* Harmony */ = {
			isa = PBXGroup;
			children = (
				705BB1A31AD649D50027F342 /* main.cpp */,
			);
			path = Harmony;
			sourceTree = "<group>";
		};
		7061B6601ADA2F8A00B12C66 /* Products */ = {
			isa = PBXGroup;
			children = (
			);
			name = Products;
			sourceTree = "<group>";
		};
		7061B66C1ADA310900B12C66 /* Products */ = {
			isa = PBXGroup;
			children = (
			);
			name = Products;
			sourceTree = "<group>";
		};
		70B158A21AD64EB800B49EDA /* Products */ = {
			isa = PBXGroup;
			children = (
			);
			name = Products;
			sourceTree = "<group>";
		};
		70B158AD1AD6503400B49EDA /* Products */ = {
			isa = PBXGroup;
			children = (
			);
			name = Products;
			sourceTree = "<group>";
		};
/* End PBXGroup section */

/* Begin PBXNativeTarget section */
		705BB19F1AD649D50027F342 /* Harmony */ = {
			isa = PBXNativeTarget;
			buildConfigurationList = 705BB1A71AD649D50027F342 /* Build configuration list for PBXNativeTarget "Harmony" */;
			buildPhases = (
				705BB19C1AD649D50027F342 /* Sources */,
				705BB19D1AD649D50027F342 /* Frameworks */,
				705BB19E1AD649D50027F342 /* CopyFiles */,
			);
			buildRules = (
			);
			dependencies = (
			);
			name = Harmony;
			productName = Harmony;
			productReference = 705BB1A01AD649D50027F342 /* Harmony */;
			productType = "com.apple.product-type.tool";
		};
/* End PBXNativeTarget section */

/* Begin PBXProject section */
		705BB1981AD649D50027F342 /* Project object */ = {
			isa = PBXProject;
			attributes = {
				LastUpgradeCheck = 0620;
				ORGANIZATIONNAME = "Felipe Robledo";
				TargetAttributes = {
					705BB19F1AD649D50027F342 = {
						CreatedOnToolsVersion = 6.2;
					};
				};
			};
			buildConfigurationList = 705BB19B1AD649D50027F342 /* Build configuration list for PBXProject "Harmony" */;
			compatibilityVersion = "Xcode 3.2";
			developmentRegion = English;
			hasScannedForEncodings = 0;
			knownRegions = (
				en,
			);
			mainGroup = 705BB1971AD649D50027F342;
			productRefGroup = 705BB1A11AD649D50027F342 /* Products */;
			projectDirPath = "";
			projectReferences = (
				{
					ProductGroup = 70B158A21AD64EB800B49EDA /* Products */;
					ProjectRef = 70B158A11AD64EB800B49EDA /* Core.xcodeproj */;
				},
				{
					ProductGroup = 70B158AD1AD6503400B49EDA /* Products */;
					ProjectRef = 70B158AC1AD6503400B49EDA /* Factory.xcodeproj */;
				},
				{
					ProductGroup = 7061B6601ADA2F8A00B12C66 /* Products */;
					ProjectRef = 7061B65F1ADA2F8A00B12C66 /* Meta.xcodeproj */;
				},
				{
					ProductGroup = 7061B66C1ADA310900B12C66 /* Products */;
					ProjectRef = 7061B66B1ADA310900B12C66 /* utils.xcodeproj */;
				},
			);
			projectRoot = "";
			targets = (
				705BB19F1AD649D50027F342 /* Harmony */,
			);
		};
/* End PBXProject section */

/* Begin PBXSourcesBuildPhase section */
		705BB19C1AD649D50027F342 /* Sources */ = {
			isa = PBXSourcesBuildPhase;
			buildActionMask = 2147483647;
			files = (
				705BB1A41AD649D50027F342 /* main.cpp in Sources */,
			);
			runOnlyForDeploymentPostprocessing = 0;
		};
/* End PBXSourcesBuildPhase section */

/* Begin XCBuildConfiguration section */
		705BB1A51AD649D50027F342 /* Debug */ = {
			isa = XCBuildConfiguration;
			buildSettings = {
				ALWAYS_SEARCH_USER_PATHS = NO;
				CLANG_CXX_LANGUAGE_STANDARD = "gnu++0x";
				CLANG_CXX_LIBRARY = "libc++";
				CLANG_ENABLE_MODULES = YES;
				CLANG_ENABLE_OBJC_ARC = YES;
				CLANG_WARN_BOOL_CONVERSION = YES;
				CLANG_WARN_CONSTANT_CONVERSION = YES;
				CLANG_WARN_DIRECT_OBJC_ISA_USAGE = YES_ERROR;
				CLANG_WARN_EMPTY_BODY = YES;
				CLANG_WARN_ENUM_CONVERSION = YES;
				CLANG_WARN_INT_CONVERSION = YES;
				CLANG_WARN_OBJC_ROOT_CLASS = YES_ERROR;
				CLANG_WARN_UNREACHABLE_CODE = YES;
				CLANG_WARN__DUPLICATE_METHOD_MATCH = YES;
				COPY_PHASE_STRIP = NO;
				ENABLE_STRICT_OBJC_MSGSEND = YES;
				GCC_C_LANGUAGE_STANDARD = gnu99;
				GCC_DYNAMIC_NO_PIC = NO;
				GCC_OPTIMIZATION_LEVEL = 0;
				GCC_PREPROCESSOR_DEFINITIONS = (
					"DEBUG=1",
					"$(inherited)",
				);
				GCC_SYMBOLS_PRIVATE_EXTERN = NO;
				GCC_WARN_64_TO_32_BIT_CONVERSION = YES;
				GCC_WARN_ABOUT_RETURN_TYPE = YES_ERROR;
				GCC_WARN_UNDECLARED_SELECTOR = YES;
				GCC_WARN_UNINITIALIZED_AUTOS = YES_AGGRESSIVE;
				GCC_WARN_UNUSED_FUNCTION = YES;
				GCC_WARN_UNUSED_VARIABLE = YES;
				MACOSX_DEPLOYMENT_TARGET = 10.10;
				MTL_ENABLE_DEBUG_INFO = YES;
				ONLY_ACTIVE_ARCH = YES;
				SDKROOT = macosx;
			};
			name = Debug;
		};
		705BB1A61AD649D50027F342 /* Release */ = {
			isa = XCBuildConfiguration;
			buildSettings = {
				ALWAYS_SEARCH_USER_PATHS = NO;
				CLANG_CXX_LANGUAGE_STANDARD = "gnu++0x";
				CLANG_CXX_LIBRARY = "libc++";
				CLANG_ENABLE_MODULES = YES;
				CLANG_ENABLE_OBJC_ARC = YES;
				CLANG_WARN_BOOL_CONVERSION = YES;
				CLANG_WARN_CONSTANT_CONVERSION = YES;
				CLANG_WARN_DIRECT_OBJC_ISA_USAGE = YES_ERROR;
				CLANG_WARN_EMPTY_BODY = YES;
				CLANG_WARN_ENUM_CONVERSION = YES;
				CLANG_WARN_INT_CONVERSION = YES;
				CLANG_WARN_OBJC_ROOT_CLASS = YES_ERROR;
				CLANG_WARN_UNREACHABLE_CODE = YES;
				CLANG_WARN__DUPLICATE_METHOD_MATCH = YES;
				COPY_PHASE_STRIP = NO;
				DEBUG_INFORMATION_FORMAT = "dwarf-with-dsym";
				ENABLE_NS_ASSERTIONS = NO;
				ENABLE_STRICT_OBJC_MSGSEND = YES;
				GCC_C_LANGUAGE_STANDARD = gnu99;
				GCC_WARN_64_TO_32_BIT_CONVERSION = YES;
				GCC_WARN_ABOUT_RETURN_TYPE = YES_ERROR;
				GCC_WARN_UNDECLARED_SELECTOR = YES;
				GCC_WARN_UNINITIALIZED_AUTOS = YES_AGGRESSIVE;
				GCC_WARN_UNUSED_FUNCTION = YES;
				GCC_WARN_UNUSED_VARIABLE = YES;
				MACOSX_DEPLOYMENT_TARGET = 10.10;
				MTL_ENABLE_DEBUG_INFO = NO;
				SDKROOT = macosx;
			};
			name = Release;
		};
		705BB1A81AD649D50027F342 /* Debug */ = {
			isa = XCBuildConfiguration;
			buildSettings = {
				PRODUCT_NAME = "$(TARGET_NAME)";
			};
			name = Debug;
		};
		705BB1A91AD649D50027F342 /* Release */ = {
			isa = XCBuildConfiguration;
			buildSettings = {
				PRODUCT_NAME = "$(TARGET_NAME)";
			};
			name = Release;
		};
/* End XCBuildConfiguration section */

/* Begin XCConfigurationList section */
		705BB19B1AD649D50027F342 /* Build configuration list for PBXProject "Harmony" */ = {
			isa = XCConfigurationList;
			buildConfigurations = (
				705BB1A51AD649D50027F342 /* Debug */,
				705BB1A61AD649D50027F342 /* Release */,
			);
			defaultConfigurationIsVisible = 0;
			defaultConfigurationName = Release;
		};
		705BB1A71AD649D50027F342 /* Build configuration list for PBXNativeTarget "Harmony" */ = {
			isa = XCConfigurationList;
			buildConfigurations = (
				705BB1A81AD649D50027F342 /* Debug */,
				705BB1A91AD649D50027F342 /* Release */,
			);
			defaultConfigurationIsVisible = 0;
			defaultConfigurationName = Release;
		};
/* End XCConfigurationList section */
	};
	rootObject = 705BB1981AD649D50027F342 /* Project object */;
}
