// !$*UTF8*$!
{
	archiveVersion = 1;
	classes = {
	};
	objectVersion = 46;
	objects = {

/* Begin PBXFileReference section */
		7061B6621ADA2FC700B12C66 /* MetaClass.h */ = {isa = PBXFileReference; lastKnownFileType = sourcecode.c.h; path = MetaClass.h; sourceTree = "<group>"; };
		7061B6631ADA30C300B12C66 /* MetaProp.h */ = {isa = PBXFileReference; lastKnownFileType = sourcecode.c.h; path = MetaProp.h; sourceTree = "<group>"; };
/* End PBXFileReference section */

/* Begin PBXGroup section */
		7061B6581ADA2F8A00B12C66 = {
			isa = PBXGroup;
			children = (
				7061B6631ADA30C300B12C66 /* MetaProp.h */,
				7061B6621ADA2FC700B12C66 /* MetaClass.h */,
			);
			sourceTree = "<group>";
		};
/* End PBXGroup section */

/* Begin PBXProject section */
		7061B6591ADA2F8A00B12C66 /* Project object */ = {
			isa = PBXProject;
			attributes = {
				LastUpgradeCheck = 0620;
			};
			buildConfigurationList = 7061B65C1ADA2F8A00B12C66 /* Build configuration list for PBXProject "Meta" */;
			compatibilityVersion = "Xcode 3.2";
			developmentRegion = English;
			hasScannedForEncodings = 0;
			knownRegions = (
				en,
			);
			mainGroup = 7061B6581ADA2F8A00B12C66;
			projectDirPath = "";
			projectRoot = "";
			targets = (
			);
		};
/* End PBXProject section */

/* Begin XCBuildConfiguration section */
		7061B65D1ADA2F8A00B12C66 /* Debug */ = {
			isa = XCBuildConfiguration;
			buildSettings = {
			};
			name = Debug;
		};
		7061B65E1ADA2F8A00B12C66 /* Release */ = {
			isa = XCBuildConfiguration;
			buildSettings = {
			};
			name = Release;
		};
/* End XCBuildConfiguration section */

/* Begin XCConfigurationList section */
		7061B65C1ADA2F8A00B12C66 /* Build configuration list for PBXProject "Meta" */ = {
			isa = XCConfigurationList;
			buildConfigurations = (
				7061B65D1ADA2F8A00B12C66 /* Debug */,
				7061B65E1ADA2F8A00B12C66 /* Release */,
			);
			defaultConfigurationIsVisible = 0;
			defaultConfigurationName = Release;
		};
/* End XCConfigurationList section */
	};
	rootObject = 7061B6591ADA2F8A00B12C66 /* Project object */;
}
