// !$*UTF8*$!
{
	archiveVersion = 1;
	classes = {
	};
	objectVersion = 46;
	objects = {

/* Begin PBXBuildFile section */
		7007D8821BB3B07F008DCB56 /* CDataInitializer.m in Sources */ = {isa = PBXBuildFile; fileRef = 7007D8811BB3B07F008DCB56 /* CDataInitializer.m */; };
		7007D8841BB3C620008DCB56 /* cube.json in Resources */ = {isa = PBXBuildFile; fileRef = 7007D8831BB3C620008DCB56 /* cube.json */; };
		7007D8861BB3CA18008DCB56 /* camera.json in Resources */ = {isa = PBXBuildFile; fileRef = 7007D8851BB3CA18008DCB56 /* camera.json */; };
		700A1E6B1BC0B87A00AE871C /* OpenGLErrorHandling.c in Sources */ = {isa = PBXBuildFile; fileRef = 700A1E6A1BC0B87A00AE871C /* OpenGLErrorHandling.c */; };
		700A1E6D1BC18F2F00AE871C /* lighting_PointLight.vsh in Resources */ = {isa = PBXBuildFile; fileRef = 700A1E6C1BC18F2F00AE871C /* lighting_PointLight.vsh */; };
		700A1E6F1BC18F3E00AE871C /* lighting_PointLight.fsh in Resources */ = {isa = PBXBuildFile; fileRef = 700A1E6E1BC18F3E00AE871C /* lighting_PointLight.fsh */; };
		700D0BA51BA7542B009D9230 /* MeshStore.m in Sources */ = {isa = PBXBuildFile; fileRef = 700D0BA41BA7542B009D9230 /* MeshStore.m */; };
		700D0BB61BA761EE009D9230 /* Mesh.m in Sources */ = {isa = PBXBuildFile; fileRef = 700D0BB11BA761EE009D9230 /* Mesh.m */; };
		700D0BB91BA767B5009D9230 /* Engine.json in Resources */ = {isa = PBXBuildFile; fileRef = 700D0BB81BA767B5009D9230 /* Engine.json */; };
		700D0BBB1BA7682B009D9230 /* Sample.json in Resources */ = {isa = PBXBuildFile; fileRef = 700D0BBA1BA7682B009D9230 /* Sample.json */; };
		700D0BBF1BA77422009D9230 /* MeshLoadTimes.m in Sources */ = {isa = PBXBuildFile; fileRef = 700D0BBE1BA77422009D9230 /* MeshLoadTimes.m */; };
		701117731BC7074500E351EA /* Image.m in Sources */ = {isa = PBXBuildFile; fileRef = 701117711BC7074500E351EA /* Image.m */; };
		701117741BC7074500E351EA /* metal_roof_diff_512x512.tga in Resources */ = {isa = PBXBuildFile; fileRef = 701117721BC7074500E351EA /* metal_roof_diff_512x512.tga */; };
		701E2F871B7E612500807877 /* initGL.c in Sources */ = {isa = PBXBuildFile; fileRef = 701E2F861B7E612500807877 /* initGL.c */; };
		702B488C1BB25CBC008DDA8C /* Transform.m in Sources */ = {isa = PBXBuildFile; fileRef = 702B488B1BB25CBC008DDA8C /* Transform.m */; };
		702B488F1BB25D07008DDA8C /* Model3D.m in Sources */ = {isa = PBXBuildFile; fileRef = 702B488E1BB25D07008DDA8C /* Model3D.m */; };
		702C24361BB451A1008C6AF8 /* World.m in Sources */ = {isa = PBXBuildFile; fileRef = 702C24351BB451A1008C6AF8 /* World.m */; };
		702C24391BB451C5008C6AF8 /* FirstPersonControls.m in Sources */ = {isa = PBXBuildFile; fileRef = 702C24381BB451C5008C6AF8 /* FirstPersonControls.m */; };
		7053C6B31BBCBCFB00658E39 /* PerspectiveView.m in Sources */ = {isa = PBXBuildFile; fileRef = 7053C6B21BBCBCFB00658E39 /* PerspectiveView.m */; };
		7053C6B61BBCFE8800658E39 /* RenderTarget.m in Sources */ = {isa = PBXBuildFile; fileRef = 7053C6B51BBCFE8800658E39 /* RenderTarget.m */; };
		7053C6BA1BBF06FE00658E39 /* GBuffer.m in Sources */ = {isa = PBXBuildFile; fileRef = 7053C6B91BBF06FE00658E39 /* GBuffer.m */; };
		7055ECE31BD59E0700F2C100 /* plane.json in Resources */ = {isa = PBXBuildFile; fileRef = 7055ECE21BD59E0700F2C100 /* plane.json */; };
		7055ECE51BD59E2100F2C100 /* plane.obj in Resources */ = {isa = PBXBuildFile; fileRef = 7055ECE41BD59E2100F2C100 /* plane.obj */; };
		706065561B46FBC700C884F6 /* AppDelegate.m in Sources */ = {isa = PBXBuildFile; fileRef = 706065551B46FBC700C884F6 /* AppDelegate.m */; };
		706065581B46FBC700C884F6 /* main.m in Sources */ = {isa = PBXBuildFile; fileRef = 706065571B46FBC700C884F6 /* main.m */; };
		7060655B1B46FBC700C884F6 /* ViewController.m in Sources */ = {isa = PBXBuildFile; fileRef = 7060655A1B46FBC700C884F6 /* ViewController.m */; };
		7060655D1B46FBC700C884F6 /* Images.xcassets in Resources */ = {isa = PBXBuildFile; fileRef = 7060655C1B46FBC700C884F6 /* Images.xcassets */; };
		706065601B46FBC700C884F6 /* Main.storyboard in Resources */ = {isa = PBXBuildFile; fileRef = 7060655E1B46FBC700C884F6 /* Main.storyboard */; };
		7060656C1B46FBC700C884F6 /* CS562Tests.m in Sources */ = {isa = PBXBuildFile; fileRef = 7060656B1B46FBC700C884F6 /* CS562Tests.m */; };
		707188D81BFD7844002909C7 /* skydome.fsh in Resources */ = {isa = PBXBuildFile; fileRef = 707188D71BFD7844002909C7 /* skydome.fsh */; };
		707188DA1BFD784F002909C7 /* skydome.vsh in Resources */ = {isa = PBXBuildFile; fileRef = 707188D91BFD784F002909C7 /* skydome.vsh */; };
		7073CE6E1B49DF1700E3FEB8 /* View.m in Sources */ = {isa = PBXBuildFile; fileRef = 7073CE6D1B49DF1700E3FEB8 /* View.m */; };
		7073CE701B4A378800E3FEB8 /* README in Resources */ = {isa = PBXBuildFile; fileRef = 7073CE6F1B4A378800E3FEB8 /* README */; };
		7073CE721B4A383B00E3FEB8 /* GLKit.framework in Frameworks */ = {isa = PBXBuildFile; fileRef = 7073CE711B4A383B00E3FEB8 /* GLKit.framework */; };
		707A337E1BF939EF0030EACB /* 14-Hamarikyu_Bridge_B_3k.hdr in Resources */ = {isa = PBXBuildFile; fileRef = 707A337C1BF939EF0030EACB /* 14-Hamarikyu_Bridge_B_3k.hdr */; };
		707A337F1BF939EF0030EACB /* 14-Hamarikyu_Bridge_B_3k.irrhdr in Resources */ = {isa = PBXBuildFile; fileRef = 707A337D1BF939EF0030EACB /* 14-Hamarikyu_Bridge_B_3k.irrhdr */; };
		707CD4D21C167D4D00E767A5 /* Alexs_Apt_2k.hdr in Resources */ = {isa = PBXBuildFile; fileRef = 707CD4C21C167D4D00E767A5 /* Alexs_Apt_2k.hdr */; };
		707CD4D31C167D4D00E767A5 /* Alexs_Apt_2k.irrhdr in Resources */ = {isa = PBXBuildFile; fileRef = 707CD4C31C167D4D00E767A5 /* Alexs_Apt_2k.irrhdr */; };
		707CD4D41C167D4D00E767A5 /* Arches_E_PineTree_3k.hdr in Resources */ = {isa = PBXBuildFile; fileRef = 707CD4C41C167D4D00E767A5 /* Arches_E_PineTree_3k.hdr */; };
		707CD4D51C167D4D00E767A5 /* Arches_E_PineTree_3k.irrhdr in Resources */ = {isa = PBXBuildFile; fileRef = 707CD4C51C167D4D00E767A5 /* Arches_E_PineTree_3k.irrhdr */; };
		707CD4D61C167D4D00E767A5 /* Barce_Rooftop_C_3k.hdr in Resources */ = {isa = PBXBuildFile; fileRef = 707CD4C61C167D4D00E767A5 /* Barce_Rooftop_C_3k.hdr */; };
		707CD4D71C167D4D00E767A5 /* Barce_Rooftop_C_3k.irrhdr in Resources */ = {isa = PBXBuildFile; fileRef = 707CD4C71C167D4D00E767A5 /* Barce_Rooftop_C_3k.irrhdr */; };
		707CD4D81C167D4D00E767A5 /* Factory_Catwalk_2k.hdr in Resources */ = {isa = PBXBuildFile; fileRef = 707CD4C81C167D4D00E767A5 /* Factory_Catwalk_2k.hdr */; };
		707CD4D91C167D4D00E767A5 /* Factory_Catwalk_2k.irrhdr in Resources */ = {isa = PBXBuildFile; fileRef = 707CD4C91C167D4D00E767A5 /* Factory_Catwalk_2k.irrhdr */; };
		707CD4DA1C167D4D00E767A5 /* MonValley_A_LookoutPoint_2k.hdr in Resources */ = {isa = PBXBuildFile; fileRef = 707CD4CA1C167D4D00E767A5 /* MonValley_A_LookoutPoint_2k.hdr */; };
		707CD4DB1C167D4D00E767A5 /* MonValley_A_LookoutPoint_2k.irrhdr in Resources */ = {isa = PBXBuildFile; fileRef = 707CD4CB1C167D4D00E767A5 /* MonValley_A_LookoutPoint_2k.irrhdr */; };
		707CD4DC1C167D4D00E767A5 /* Newport_Loft_Ref.hdr in Resources */ = {isa = PBXBuildFile; fileRef = 707CD4CC1C167D4D00E767A5 /* Newport_Loft_Ref.hdr */; };
		707CD4DD1C167D4D00E767A5 /* Newport_Loft_Ref.irrhdr in Resources */ = {isa = PBXBuildFile; fileRef = 707CD4CD1C167D4D00E767A5 /* Newport_Loft_Ref.irrhdr */; };
		707CD4DE1C167D4D00E767A5 /* Playa_Sunrise.hdr in Resources */ = {isa = PBXBuildFile; fileRef = 707CD4CE1C167D4D00E767A5 /* Playa_Sunrise.hdr */; };
		707CD4DF1C167D4D00E767A5 /* Playa_Sunrise.irrhdr in Resources */ = {isa = PBXBuildFile; fileRef = 707CD4CF1C167D4D00E767A5 /* Playa_Sunrise.irrhdr */; };
		707CD4E01C167D4D00E767A5 /* Sierra_Madre_B_Ref.hdr in Resources */ = {isa = PBXBuildFile; fileRef = 707CD4D01C167D4D00E767A5 /* Sierra_Madre_B_Ref.hdr */; };
		707CD4E11C167D4D00E767A5 /* Sierra_Madre_B_Ref.irrhdr in Resources */ = {isa = PBXBuildFile; fileRef = 707CD4D11C167D4D00E767A5 /* Sierra_Madre_B_Ref.irrhdr */; };
		7084E3AA1BAF78F600C866E7 /* simple.vsh in Resources */ = {isa = PBXBuildFile; fileRef = 7084E3A91BAF78F600C866E7 /* simple.vsh */; };
		7084E3AC1BAF790200C866E7 /* simple.fsh in Resources */ = {isa = PBXBuildFile; fileRef = 7084E3AB1BAF790200C866E7 /* simple.fsh */; };
		7084E3B21BAF83A800C866E7 /* Shader.m in Sources */ = {isa = PBXBuildFile; fileRef = 7084E3B11BAF83A800C866E7 /* Shader.m */; };
		7084E3B51BAF85EF00C866E7 /* ShaderManager.m in Sources */ = {isa = PBXBuildFile; fileRef = 7084E3B31BAF85EF00C866E7 /* ShaderManager.m */; };
		709768621BB0722B007369D4 /* cube.obj in Resources */ = {isa = PBXBuildFile; fileRef = 709768611BB0722B007369D4 /* cube.obj */; };
		70981DB81BBAE8AB00D78D4A /* geometry.vsh in Resources */ = {isa = PBXBuildFile; fileRef = 70981DB71BBAE8AB00D78D4A /* geometry.vsh */; };
		70981DBA1BBAE8CB00D78D4A /* geometry.fsh in Resources */ = {isa = PBXBuildFile; fileRef = 70981DB91BBAE8CB00D78D4A /* geometry.fsh */; };
		70B43A2E1BBA5D6200AA9716 /* pointLight.json in Resources */ = {isa = PBXBuildFile; fileRef = 70B43A2D1BBA5D6200AA9716 /* pointLight.json */; };
		70B43A311BBA5EE100AA9716 /* PointLight.m in Sources */ = {isa = PBXBuildFile; fileRef = 70B43A301BBA5EE100AA9716 /* PointLight.m */; };
		70B43A341BBA604700AA9716 /* Material.m in Sources */ = {isa = PBXBuildFile; fileRef = 70B43A331BBA604700AA9716 /* Material.m */; };
		70D7D2331B48245C007D87EA /* OpenGL.framework in Frameworks */ = {isa = PBXBuildFile; fileRef = 70D7D2321B48245C007D87EA /* OpenGL.framework */; };
		70D7D2351B482464007D87EA /* QuartzCore.framework in Frameworks */ = {isa = PBXBuildFile; fileRef = 70D7D2341B482464007D87EA /* QuartzCore.framework */; };
		70E17B4A1BCB194300B2EA45 /* bunny.json in Resources */ = {isa = PBXBuildFile; fileRef = 70E17B491BCB194300B2EA45 /* bunny.json */; };
		70E302B61BD74384002AEB4B /* DirectionalLight.m in Sources */ = {isa = PBXBuildFile; fileRef = 70E302B51BD74384002AEB4B /* DirectionalLight.m */; };
		70E302B81BD7454E002AEB4B /* directionLight.json in Resources */ = {isa = PBXBuildFile; fileRef = 70E302B71BD7454E002AEB4B /* directionLight.json */; };
		70E4A7651BD1796000B331FB /* lighting_DirectionalLight.vsh in Resources */ = {isa = PBXBuildFile; fileRef = 70E4A7641BD1796000B331FB /* lighting_DirectionalLight.vsh */; };
		70E4A7671BD1796C00B331FB /* lighting_DirectionalLight.fsh in Resources */ = {isa = PBXBuildFile; fileRef = 70E4A7661BD1796C00B331FB /* lighting_DirectionalLight.fsh */; };
		70E4A7691BD1798100B331FB /* lighting_SpotLight.vsh in Resources */ = {isa = PBXBuildFile; fileRef = 70E4A7681BD1798100B331FB /* lighting_SpotLight.vsh */; };
		70E4A76B1BD1799200B331FB /* lighting_SpotLight.fsh in Resources */ = {isa = PBXBuildFile; fileRef = 70E4A76A1BD1799200B331FB /* lighting_SpotLight.fsh */; };
		70ED86501BFBC31300A35A7B /* ibl.vsh in Resources */ = {isa = PBXBuildFile; fileRef = 70ED864F1BFBC31300A35A7B /* ibl.vsh */; };
		70ED86521BFBC31F00A35A7B /* ibl.fsh in Resources */ = {isa = PBXBuildFile; fileRef = 70ED86511BFBC31F00A35A7B /* ibl.fsh */; };
		70EF32F31BF4237100AFED20 /* LinearTrackBall.m in Sources */ = {isa = PBXBuildFile; fileRef = 70EF32F21BF4237100AFED20 /* LinearTrackBall.m */; };
		70F1F00D1BD9C22000A74CFF /* sphere.obj in Resources */ = {isa = PBXBuildFile; fileRef = 70F1F00B1BD9C22000A74CFF /* sphere.obj */; };
		70F1F0111BDAB5BB00A74CFF /* ShadowCastingLight.m in Sources */ = {isa = PBXBuildFile; fileRef = 70F1F0101BDAB5BB00A74CFF /* ShadowCastingLight.m */; };
		70F1F0141BDAC28600A74CFF /* SpotLight.m in Sources */ = {isa = PBXBuildFile; fileRef = 70F1F0131BDAC28600A74CFF /* SpotLight.m */; };
		70F1F01B1BDD956000A74CFF /* shadowMap_SpotLight.fsh in Resources */ = {isa = PBXBuildFile; fileRef = 70F1F0151BDD956000A74CFF /* shadowMap_SpotLight.fsh */; };
		70F1F01C1BDD956000A74CFF /* shadowMap_SpotLight.vsh in Resources */ = {isa = PBXBuildFile; fileRef = 70F1F0161BDD956000A74CFF /* shadowMap_SpotLight.vsh */; };
		70F1F01D1BDD956000A74CFF /* shadowMap.fsh in Resources */ = {isa = PBXBuildFile; fileRef = 70F1F0171BDD956000A74CFF /* shadowMap.fsh */; };
		70F1F01E1BDD956000A74CFF /* shadowMap.vsh in Resources */ = {isa = PBXBuildFile; fileRef = 70F1F0181BDD956000A74CFF /* shadowMap.vsh */; };
		70F1F01F1BDD956000A74CFF /* shadowMap_PointLight.fsh in Resources */ = {isa = PBXBuildFile; fileRef = 70F1F0191BDD956000A74CFF /* shadowMap_PointLight.fsh */; };
		70F1F0201BDD956000A74CFF /* shadowMap_PointLight.vsh in Resources */ = {isa = PBXBuildFile; fileRef = 70F1F01A1BDD956000A74CFF /* shadowMap_PointLight.vsh */; };
		70F1F0231BDDB7B300A74CFF /* lighting_DirectionalLight_shadowed.fsh in Resources */ = {isa = PBXBuildFile; fileRef = 70F1F0211BDDB7B300A74CFF /* lighting_DirectionalLight_shadowed.fsh */; };
		70F1F0241BDDB7B300A74CFF /* lighting_DirectionalLight_shadowed.vsh in Resources */ = {isa = PBXBuildFile; fileRef = 70F1F0221BDDB7B300A74CFF /* lighting_DirectionalLight_shadowed.vsh */; };
		70F696461BAB55F600486C6D /* CS562Core.framework in Frameworks */ = {isa = PBXBuildFile; fileRef = 70F696441BAB55E400486C6D /* CS562Core.framework */; };
		70F696471BAB55F600486C6D /* CS562Core.framework in Embed Frameworks */ = {isa = PBXBuildFile; fileRef = 70F696441BAB55E400486C6D /* CS562Core.framework */; settings = {ATTRIBUTES = (CodeSignOnCopy, RemoveHeadersOnCopy, ); }; };
		70F696481BAB58AD00486C6D /* CS562Core.framework in Frameworks */ = {isa = PBXBuildFile; fileRef = 70F696441BAB55E400486C6D /* CS562Core.framework */; };
		70FA9BA31C1A77EB00444523 /* ao_horizontal_filter.vsh in Resources */ = {isa = PBXBuildFile; fileRef = 70FA9BA21C1A77EB00444523 /* ao_horizontal_filter.vsh */; };
		70FA9BA51C1A78A200444523 /* ao_horizontal_filter.fsh in Resources */ = {isa = PBXBuildFile; fileRef = 70FA9BA41C1A78A200444523 /* ao_horizontal_filter.fsh */; };
		70FA9BA71C1A9D8F00444523 /* ao_vertical_filter.vsh in Resources */ = {isa = PBXBuildFile; fileRef = 70FA9BA61C1A9D8F00444523 /* ao_vertical_filter.vsh */; };
		70FA9BA91C1A9DA100444523 /* ao_vertical_filter.fsh in Resources */ = {isa = PBXBuildFile; fileRef = 70FA9BA81C1A9DA100444523 /* ao_vertical_filter.fsh */; };
		70FD24DC1BFDA03000A03897 /* Skydome.m in Sources */ = {isa = PBXBuildFile; fileRef = 70FD24DB1BFDA03000A03897 /* Skydome.m */; };
		70FDC2541BE944FD002E140C /* lighting_SpotLight_shadowed.vsh in Resources */ = {isa = PBXBuildFile; fileRef = 70FDC2531BE944FD002E140C /* lighting_SpotLight_shadowed.vsh */; };
		70FDC2561BE94518002E140C /* lighting_SpotLight_shadowed.fsh in Resources */ = {isa = PBXBuildFile; fileRef = 70FDC2551BE94518002E140C /* lighting_SpotLight_shadowed.fsh */; };
		70FDF7B11BAC95AB00D24F12 /* dragon.obj in Resources */ = {isa = PBXBuildFile; fileRef = 70FDF7AE1BAC95AB00D24F12 /* dragon.obj */; };
		70FDF7B21BAC95AB00D24F12 /* dragon.obj in Resources */ = {isa = PBXBuildFile; fileRef = 70FDF7AE1BAC95AB00D24F12 /* dragon.obj */; };
		70FDF7B31BAC95AB00D24F12 /* horse.obj in Resources */ = {isa = PBXBuildFile; fileRef = 70FDF7AF1BAC95AB00D24F12 /* horse.obj */; };
		70FDF7B41BAC95AB00D24F12 /* horse.obj in Resources */ = {isa = PBXBuildFile; fileRef = 70FDF7AF1BAC95AB00D24F12 /* horse.obj */; };
		70FDF7B51BAC95AB00D24F12 /* bunny.obj in Resources */ = {isa = PBXBuildFile; fileRef = 70FDF7B01BAC95AB00D24F12 /* bunny.obj */; };
		70FDF7B61BAC95AB00D24F12 /* bunny.obj in Resources */ = {isa = PBXBuildFile; fileRef = 70FDF7B01BAC95AB00D24F12 /* bunny.obj */; };
		70FEFC561C153F10003C9B53 /* ao.vsh in Resources */ = {isa = PBXBuildFile; fileRef = 70FEFC551C153F10003C9B53 /* ao.vsh */; };
		70FEFC581C153F1A003C9B53 /* ao.fsh in Resources */ = {isa = PBXBuildFile; fileRef = 70FEFC571C153F1A003C9B53 /* ao.fsh */; };
/* End PBXBuildFile section */

/* Begin PBXContainerItemProxy section */
		706065661B46FBC700C884F6 /* PBXContainerItemProxy */ = {
			isa = PBXContainerItemProxy;
			containerPortal = 706065471B46FBC700C884F6 /* Project object */;
			proxyType = 1;
			remoteGlobalIDString = 7060654E1B46FBC700C884F6;
			remoteInfo = CS562;
		};
/* End PBXContainerItemProxy section */

/* Begin PBXCopyFilesBuildPhase section */
		700D0B9D1BA63C97009D9230 /* Embed Frameworks */ = {
			isa = PBXCopyFilesBuildPhase;
			buildActionMask = 2147483647;
			dstPath = "";
			dstSubfolderSpec = 10;
			files = (
				70F696471BAB55F600486C6D /* CS562Core.framework in Embed Frameworks */,
			);
			name = "Embed Frameworks";
			runOnlyForDeploymentPostprocessing = 0;
		};
/* End PBXCopyFilesBuildPhase section */

/* Begin PBXFileReference section */
		7007D8801BB3B07F008DCB56 /* CDataInitializer.h */ = {isa = PBXFileReference; fileEncoding = 4; lastKnownFileType = sourcecode.c.h; path = CDataInitializer.h; sourceTree = "<group>"; };
		7007D8811BB3B07F008DCB56 /* CDataInitializer.m */ = {isa = PBXFileReference; fileEncoding = 4; lastKnownFileType = sourcecode.c.objc; path = CDataInitializer.m; sourceTree = "<group>"; };
		7007D8831BB3C620008DCB56 /* cube.json */ = {isa = PBXFileReference; fileEncoding = 4; lastKnownFileType = text.json; path = cube.json; sourceTree = "<group>"; };
		7007D8851BB3CA18008DCB56 /* camera.json */ = {isa = PBXFileReference; fileEncoding = 4; lastKnownFileType = text.json; path = camera.json; sourceTree = "<group>"; };
		700A1E691BC0B85100AE871C /* OpenGLErrorHandling.h */ = {isa = PBXFileReference; lastKnownFileType = sourcecode.c.h; path = OpenGLErrorHandling.h; sourceTree = "<group>"; };
		700A1E6A1BC0B87A00AE871C /* OpenGLErrorHandling.c */ = {isa = PBXFileReference; fileEncoding = 4; lastKnownFileType = sourcecode.c.c; path = OpenGLErrorHandling.c; sourceTree = "<group>"; };
		700A1E6C1BC18F2F00AE871C /* lighting_PointLight.vsh */ = {isa = PBXFileReference; fileEncoding = 4; lastKnownFileType = sourcecode.glsl; path = lighting_PointLight.vsh; sourceTree = "<group>"; };
		700A1E6E1BC18F3E00AE871C /* lighting_PointLight.fsh */ = {isa = PBXFileReference; fileEncoding = 4; lastKnownFileType = sourcecode.glsl; path = lighting_PointLight.fsh; sourceTree = "<group>"; };
		700D0BA31BA7542B009D9230 /* MeshStore.h */ = {isa = PBXFileReference; fileEncoding = 4; lastKnownFileType = sourcecode.c.h; path = MeshStore.h; sourceTree = "<group>"; };
		700D0BA41BA7542B009D9230 /* MeshStore.m */ = {isa = PBXFileReference; fileEncoding = 4; lastKnownFileType = sourcecode.c.objc; path = MeshStore.m; sourceTree = "<group>"; };
		700D0BB11BA761EE009D9230 /* Mesh.m */ = {isa = PBXFileReference; fileEncoding = 4; lastKnownFileType = sourcecode.c.objc; path = Mesh.m; sourceTree = "<group>"; };
		700D0BB21BA761EE009D9230 /* Mesh.h */ = {isa = PBXFileReference; fileEncoding = 4; lastKnownFileType = sourcecode.c.h; path = Mesh.h; sourceTree = "<group>"; };
		700D0BB51BA761EE009D9230 /* MacroCommons.h */ = {isa = PBXFileReference; fileEncoding = 4; lastKnownFileType = sourcecode.c.h; path = MacroCommons.h; sourceTree = "<group>"; };
		700D0BB81BA767B5009D9230 /* Engine.json */ = {isa = PBXFileReference; fileEncoding = 4; lastKnownFileType = text.json; path = Engine.json; sourceTree = "<group>"; };
		700D0BBA1BA7682B009D9230 /* Sample.json */ = {isa = PBXFileReference; fileEncoding = 4; lastKnownFileType = text.json; path = Sample.json; sourceTree = "<group>"; };
		700D0BBE1BA77422009D9230 /* MeshLoadTimes.m */ = {isa = PBXFileReference; fileEncoding = 4; lastKnownFileType = sourcecode.c.objc; path = MeshLoadTimes.m; sourceTree = "<group>"; };
		701117701BC7074500E351EA /* Image.h */ = {isa = PBXFileReference; fileEncoding = 4; lastKnownFileType = sourcecode.c.h; path = Image.h; sourceTree = "<group>"; };
		701117711BC7074500E351EA /* Image.m */ = {isa = PBXFileReference; fileEncoding = 4; lastKnownFileType = sourcecode.c.objc; path = Image.m; sourceTree = "<group>"; };
		701117721BC7074500E351EA /* metal_roof_diff_512x512.tga */ = {isa = PBXFileReference; lastKnownFileType = file; path = metal_roof_diff_512x512.tga; sourceTree = "<group>"; };
		701E2F851B7E60DA00807877 /* initGL.h */ = {isa = PBXFileReference; lastKnownFileType = sourcecode.c.h; path = initGL.h; sourceTree = "<group>"; };
		701E2F861B7E612500807877 /* initGL.c */ = {isa = PBXFileReference; fileEncoding = 4; lastKnownFileType = sourcecode.c.c; path = initGL.c; sourceTree = "<group>"; };
		702B488A1BB25CBC008DDA8C /* Transform.h */ = {isa = PBXFileReference; fileEncoding = 4; lastKnownFileType = sourcecode.c.h; path = Transform.h; sourceTree = "<group>"; };
		702B488B1BB25CBC008DDA8C /* Transform.m */ = {isa = PBXFileReference; fileEncoding = 4; lastKnownFileType = sourcecode.c.objc; path = Transform.m; sourceTree = "<group>"; };
		702B488D1BB25D07008DDA8C /* Model3D.h */ = {isa = PBXFileReference; fileEncoding = 4; lastKnownFileType = sourcecode.c.h; path = Model3D.h; sourceTree = "<group>"; };
		702B488E1BB25D07008DDA8C /* Model3D.m */ = {isa = PBXFileReference; fileEncoding = 4; lastKnownFileType = sourcecode.c.objc; path = Model3D.m; sourceTree = "<group>"; };
		702C24341BB451A1008C6AF8 /* World.h */ = {isa = PBXFileReference; fileEncoding = 4; lastKnownFileType = sourcecode.c.h; path = World.h; sourceTree = "<group>"; };
		702C24351BB451A1008C6AF8 /* World.m */ = {isa = PBXFileReference; fileEncoding = 4; lastKnownFileType = sourcecode.c.objc; path = World.m; sourceTree = "<group>"; };
		702C24371BB451C5008C6AF8 /* FirstPersonControls.h */ = {isa = PBXFileReference; fileEncoding = 4; lastKnownFileType = sourcecode.c.h; path = FirstPersonControls.h; sourceTree = "<group>"; };
		702C24381BB451C5008C6AF8 /* FirstPersonControls.m */ = {isa = PBXFileReference; fileEncoding = 4; lastKnownFileType = sourcecode.c.objc; path = FirstPersonControls.m; sourceTree = "<group>"; };
		7053C6B11BBCBCFB00658E39 /* PerspectiveView.h */ = {isa = PBXFileReference; fileEncoding = 4; lastKnownFileType = sourcecode.c.h; path = PerspectiveView.h; sourceTree = "<group>"; };
		7053C6B21BBCBCFB00658E39 /* PerspectiveView.m */ = {isa = PBXFileReference; fileEncoding = 4; lastKnownFileType = sourcecode.c.objc; path = PerspectiveView.m; sourceTree = "<group>"; };
		7053C6B41BBCFE8800658E39 /* RenderTarget.h */ = {isa = PBXFileReference; fileEncoding = 4; lastKnownFileType = sourcecode.c.h; path = RenderTarget.h; sourceTree = "<group>"; };
		7053C6B51BBCFE8800658E39 /* RenderTarget.m */ = {isa = PBXFileReference; fileEncoding = 4; lastKnownFileType = sourcecode.c.objc; path = RenderTarget.m; sourceTree = "<group>"; };
		7053C6B71BBD001900658E39 /* RenderTargetDefs.h */ = {isa = PBXFileReference; lastKnownFileType = sourcecode.c.h; path = RenderTargetDefs.h; sourceTree = "<group>"; };
		7053C6B81BBF06FE00658E39 /* GBuffer.h */ = {isa = PBXFileReference; fileEncoding = 4; lastKnownFileType = sourcecode.c.h; path = GBuffer.h; sourceTree = "<group>"; };
		7053C6B91BBF06FE00658E39 /* GBuffer.m */ = {isa = PBXFileReference; fileEncoding = 4; lastKnownFileType = sourcecode.c.objc; path = GBuffer.m; sourceTree = "<group>"; };
		7055ECE21BD59E0700F2C100 /* plane.json */ = {isa = PBXFileReference; fileEncoding = 4; lastKnownFileType = text.json; path = plane.json; sourceTree = "<group>"; };
		7055ECE41BD59E2100F2C100 /* plane.obj */ = {isa = PBXFileReference; fileEncoding = 4; lastKnownFileType = text; name = plane.obj; path = Meshes/plane.obj; sourceTree = "<group>"; };
		7060654F1B46FBC700C884F6 /* CS562.app */ = {isa = PBXFileReference; explicitFileType = wrapper.application; includeInIndex = 0; path = CS562.app; sourceTree = BUILT_PRODUCTS_DIR; };
		706065531B46FBC700C884F6 /* Info.plist */ = {isa = PBXFileReference; lastKnownFileType = text.plist.xml; path = Info.plist; sourceTree = "<group>"; };
		706065541B46FBC700C884F6 /* AppDelegate.h */ = {isa = PBXFileReference; lastKnownFileType = sourcecode.c.h; path = AppDelegate.h; sourceTree = "<group>"; };
		706065551B46FBC700C884F6 /* AppDelegate.m */ = {isa = PBXFileReference; lastKnownFileType = sourcecode.c.objc; path = AppDelegate.m; sourceTree = "<group>"; };
		706065571B46FBC700C884F6 /* main.m */ = {isa = PBXFileReference; lastKnownFileType = sourcecode.c.objc; path = main.m; sourceTree = "<group>"; };
		706065591B46FBC700C884F6 /* ViewController.h */ = {isa = PBXFileReference; lastKnownFileType = sourcecode.c.h; path = ViewController.h; sourceTree = "<group>"; };
		7060655A1B46FBC700C884F6 /* ViewController.m */ = {isa = PBXFileReference; lastKnownFileType = sourcecode.c.objc; path = ViewController.m; sourceTree = "<group>"; };
		7060655C1B46FBC700C884F6 /* Images.xcassets */ = {isa = PBXFileReference; lastKnownFileType = folder.assetcatalog; path = Images.xcassets; sourceTree = "<group>"; };
		7060655F1B46FBC700C884F6 /* Base */ = {isa = PBXFileReference; lastKnownFileType = file.storyboard; name = Base; path = Base.lproj/Main.storyboard; sourceTree = "<group>"; };
		706065651B46FBC700C884F6 /* CS562Tests.xctest */ = {isa = PBXFileReference; explicitFileType = wrapper.cfbundle; includeInIndex = 0; path = CS562Tests.xctest; sourceTree = BUILT_PRODUCTS_DIR; };
		7060656A1B46FBC700C884F6 /* Info.plist */ = {isa = PBXFileReference; lastKnownFileType = text.plist.xml; path = Info.plist; sourceTree = "<group>"; };
		7060656B1B46FBC700C884F6 /* CS562Tests.m */ = {isa = PBXFileReference; lastKnownFileType = sourcecode.c.objc; path = CS562Tests.m; sourceTree = "<group>"; };
		707188D71BFD7844002909C7 /* skydome.fsh */ = {isa = PBXFileReference; fileEncoding = 4; lastKnownFileType = sourcecode.glsl; path = skydome.fsh; sourceTree = "<group>"; };
		707188D91BFD784F002909C7 /* skydome.vsh */ = {isa = PBXFileReference; fileEncoding = 4; lastKnownFileType = sourcecode.glsl; path = skydome.vsh; sourceTree = "<group>"; };
		7073CE6C1B49DF1700E3FEB8 /* View.h */ = {isa = PBXFileReference; fileEncoding = 4; lastKnownFileType = sourcecode.c.h; path = View.h; sourceTree = "<group>"; };
		7073CE6D1B49DF1700E3FEB8 /* View.m */ = {isa = PBXFileReference; fileEncoding = 4; lastKnownFileType = sourcecode.c.objc; path = View.m; sourceTree = "<group>"; };
		7073CE6F1B4A378800E3FEB8 /* README */ = {isa = PBXFileReference; fileEncoding = 4; lastKnownFileType = text; path = README; sourceTree = "<group>"; };
		7073CE711B4A383B00E3FEB8 /* GLKit.framework */ = {isa = PBXFileReference; lastKnownFileType = wrapper.framework; name = GLKit.framework; path = System/Library/Frameworks/GLKit.framework; sourceTree = SDKROOT; };
		707A337C1BF939EF0030EACB /* 14-Hamarikyu_Bridge_B_3k.hdr */ = {isa = PBXFileReference; fileEncoding = 4; lastKnownFileType = text; name = "14-Hamarikyu_Bridge_B_3k.hdr"; path = "HDR/14-Hamarikyu_Bridge_B_3k.hdr"; sourceTree = "<group>"; };
		707A337D1BF939EF0030EACB /* 14-Hamarikyu_Bridge_B_3k.irrhdr */ = {isa = PBXFileReference; fileEncoding = 4; lastKnownFileType = text; name = "14-Hamarikyu_Bridge_B_3k.irrhdr"; path = "HDR/14-Hamarikyu_Bridge_B_3k.irrhdr"; sourceTree = "<group>"; };
		707CD4C21C167D4D00E767A5 /* Alexs_Apt_2k.hdr */ = {isa = PBXFileReference; fileEncoding = 4; lastKnownFileType = text; name = Alexs_Apt_2k.hdr; path = HDR/Alexs_Apt_2k.hdr; sourceTree = "<group>"; };
		707CD4C31C167D4D00E767A5 /* Alexs_Apt_2k.irrhdr */ = {isa = PBXFileReference; fileEncoding = 4; lastKnownFileType = text; name = Alexs_Apt_2k.irrhdr; path = HDR/Alexs_Apt_2k.irrhdr; sourceTree = "<group>"; };
		707CD4C41C167D4D00E767A5 /* Arches_E_PineTree_3k.hdr */ = {isa = PBXFileReference; lastKnownFileType = file; name = Arches_E_PineTree_3k.hdr; path = HDR/Arches_E_PineTree_3k.hdr; sourceTree = "<group>"; };
		707CD4C51C167D4D00E767A5 /* Arches_E_PineTree_3k.irrhdr */ = {isa = PBXFileReference; fileEncoding = 4; lastKnownFileType = text; name = Arches_E_PineTree_3k.irrhdr; path = HDR/Arches_E_PineTree_3k.irrhdr; sourceTree = "<group>"; };
		707CD4C61C167D4D00E767A5 /* Barce_Rooftop_C_3k.hdr */ = {isa = PBXFileReference; fileEncoding = 4; lastKnownFileType = text; name = Barce_Rooftop_C_3k.hdr; path = HDR/Barce_Rooftop_C_3k.hdr; sourceTree = "<group>"; };
		707CD4C71C167D4D00E767A5 /* Barce_Rooftop_C_3k.irrhdr */ = {isa = PBXFileReference; fileEncoding = 4; lastKnownFileType = text; name = Barce_Rooftop_C_3k.irrhdr; path = HDR/Barce_Rooftop_C_3k.irrhdr; sourceTree = "<group>"; };
		707CD4C81C167D4D00E767A5 /* Factory_Catwalk_2k.hdr */ = {isa = PBXFileReference; lastKnownFileType = file; name = Factory_Catwalk_2k.hdr; path = HDR/Factory_Catwalk_2k.hdr; sourceTree = "<group>"; };
		707CD4C91C167D4D00E767A5 /* Factory_Catwalk_2k.irrhdr */ = {isa = PBXFileReference; lastKnownFileType = file; name = Factory_Catwalk_2k.irrhdr; path = HDR/Factory_Catwalk_2k.irrhdr; sourceTree = "<group>"; };
		707CD4CA1C167D4D00E767A5 /* MonValley_A_LookoutPoint_2k.hdr */ = {isa = PBXFileReference; lastKnownFileType = file; name = MonValley_A_LookoutPoint_2k.hdr; path = HDR/MonValley_A_LookoutPoint_2k.hdr; sourceTree = "<group>"; };
		707CD4CB1C167D4D00E767A5 /* MonValley_A_LookoutPoint_2k.irrhdr */ = {isa = PBXFileReference; fileEncoding = 4; lastKnownFileType = text; name = MonValley_A_LookoutPoint_2k.irrhdr; path = HDR/MonValley_A_LookoutPoint_2k.irrhdr; sourceTree = "<group>"; };
		707CD4CC1C167D4D00E767A5 /* Newport_Loft_Ref.hdr */ = {isa = PBXFileReference; lastKnownFileType = file; name = Newport_Loft_Ref.hdr; path = HDR/Newport_Loft_Ref.hdr; sourceTree = "<group>"; };
		707CD4CD1C167D4D00E767A5 /* Newport_Loft_Ref.irrhdr */ = {isa = PBXFileReference; fileEncoding = 4; lastKnownFileType = text; name = Newport_Loft_Ref.irrhdr; path = HDR/Newport_Loft_Ref.irrhdr; sourceTree = "<group>"; };
		707CD4CE1C167D4D00E767A5 /* Playa_Sunrise.hdr */ = {isa = PBXFileReference; fileEncoding = 4; lastKnownFileType = text; name = Playa_Sunrise.hdr; path = HDR/Playa_Sunrise.hdr; sourceTree = "<group>"; };
		707CD4CF1C167D4D00E767A5 /* Playa_Sunrise.irrhdr */ = {isa = PBXFileReference; fileEncoding = 4; lastKnownFileType = text; name = Playa_Sunrise.irrhdr; path = HDR/Playa_Sunrise.irrhdr; sourceTree = "<group>"; };
		707CD4D01C167D4D00E767A5 /* Sierra_Madre_B_Ref.hdr */ = {isa = PBXFileReference; lastKnownFileType = file; name = Sierra_Madre_B_Ref.hdr; path = HDR/Sierra_Madre_B_Ref.hdr; sourceTree = "<group>"; };
		707CD4D11C167D4D00E767A5 /* Sierra_Madre_B_Ref.irrhdr */ = {isa = PBXFileReference; fileEncoding = 4; lastKnownFileType = text; name = Sierra_Madre_B_Ref.irrhdr; path = HDR/Sierra_Madre_B_Ref.irrhdr; sourceTree = "<group>"; };
		7084E3A91BAF78F600C866E7 /* simple.vsh */ = {isa = PBXFileReference; fileEncoding = 4; lastKnownFileType = sourcecode.glsl; path = simple.vsh; sourceTree = "<group>"; };
		7084E3AB1BAF790200C866E7 /* simple.fsh */ = {isa = PBXFileReference; fileEncoding = 4; lastKnownFileType = sourcecode.glsl; path = simple.fsh; sourceTree = "<group>"; };
		7084E3B01BAF83A800C866E7 /* Shader.h */ = {isa = PBXFileReference; fileEncoding = 4; lastKnownFileType = sourcecode.c.h; path = Shader.h; sourceTree = "<group>"; };
		7084E3B11BAF83A800C866E7 /* Shader.m */ = {isa = PBXFileReference; fileEncoding = 4; lastKnownFileType = sourcecode.c.objc; path = Shader.m; sourceTree = "<group>"; };
		7084E3B31BAF85EF00C866E7 /* ShaderManager.m */ = {isa = PBXFileReference; fileEncoding = 4; lastKnownFileType = sourcecode.c.objc; path = ShaderManager.m; sourceTree = "<group>"; };
		7084E3B41BAF85EF00C866E7 /* ShaderManager.h */ = {isa = PBXFileReference; fileEncoding = 4; lastKnownFileType = sourcecode.c.h; path = ShaderManager.h; sourceTree = "<group>"; };
		709768611BB0722B007369D4 /* cube.obj */ = {isa = PBXFileReference; fileEncoding = 4; lastKnownFileType = text; name = cube.obj; path = Meshes/cube.obj; sourceTree = "<group>"; };
		70981DB71BBAE8AB00D78D4A /* geometry.vsh */ = {isa = PBXFileReference; fileEncoding = 4; lastKnownFileType = sourcecode.glsl; path = geometry.vsh; sourceTree = "<group>"; };
		70981DB91BBAE8CB00D78D4A /* geometry.fsh */ = {isa = PBXFileReference; fileEncoding = 4; lastKnownFileType = sourcecode.glsl; path = geometry.fsh; sourceTree = "<group>"; };
		70B43A2D1BBA5D6200AA9716 /* pointLight.json */ = {isa = PBXFileReference; fileEncoding = 4; lastKnownFileType = text.json; path = pointLight.json; sourceTree = "<group>"; };
		70B43A2F1BBA5EE100AA9716 /* PointLight.h */ = {isa = PBXFileReference; fileEncoding = 4; lastKnownFileType = sourcecode.c.h; path = PointLight.h; sourceTree = "<group>"; };
		70B43A301BBA5EE100AA9716 /* PointLight.m */ = {isa = PBXFileReference; fileEncoding = 4; lastKnownFileType = sourcecode.c.objc; path = PointLight.m; sourceTree = "<group>"; };
		70B43A321BBA604700AA9716 /* Material.h */ = {isa = PBXFileReference; fileEncoding = 4; lastKnownFileType = sourcecode.c.h; path = Material.h; sourceTree = "<group>"; };
		70B43A331BBA604700AA9716 /* Material.m */ = {isa = PBXFileReference; fileEncoding = 4; lastKnownFileType = sourcecode.c.objc; path = Material.m; sourceTree = "<group>"; };
		70D7D2321B48245C007D87EA /* OpenGL.framework */ = {isa = PBXFileReference; lastKnownFileType = wrapper.framework; name = OpenGL.framework; path = System/Library/Frameworks/OpenGL.framework; sourceTree = SDKROOT; };
		70D7D2341B482464007D87EA /* QuartzCore.framework */ = {isa = PBXFileReference; lastKnownFileType = wrapper.framework; name = QuartzCore.framework; path = System/Library/Frameworks/QuartzCore.framework; sourceTree = SDKROOT; };
		70E17B491BCB194300B2EA45 /* bunny.json */ = {isa = PBXFileReference; fileEncoding = 4; lastKnownFileType = text.json; path = bunny.json; sourceTree = "<group>"; };
		70E302B41BD74384002AEB4B /* DirectionalLight.h */ = {isa = PBXFileReference; fileEncoding = 4; lastKnownFileType = sourcecode.c.h; path = DirectionalLight.h; sourceTree = "<group>"; };
		70E302B51BD74384002AEB4B /* DirectionalLight.m */ = {isa = PBXFileReference; fileEncoding = 4; lastKnownFileType = sourcecode.c.objc; path = DirectionalLight.m; sourceTree = "<group>"; };
		70E302B71BD7454E002AEB4B /* directionLight.json */ = {isa = PBXFileReference; fileEncoding = 4; lastKnownFileType = text.json; path = directionLight.json; sourceTree = "<group>"; };
		70E4A7641BD1796000B331FB /* lighting_DirectionalLight.vsh */ = {isa = PBXFileReference; fileEncoding = 4; lastKnownFileType = sourcecode.glsl; path = lighting_DirectionalLight.vsh; sourceTree = "<group>"; };
		70E4A7661BD1796C00B331FB /* lighting_DirectionalLight.fsh */ = {isa = PBXFileReference; fileEncoding = 4; lastKnownFileType = sourcecode.glsl; path = lighting_DirectionalLight.fsh; sourceTree = "<group>"; };
		70E4A7681BD1798100B331FB /* lighting_SpotLight.vsh */ = {isa = PBXFileReference; fileEncoding = 4; lastKnownFileType = sourcecode.glsl; path = lighting_SpotLight.vsh; sourceTree = "<group>"; };
		70E4A76A1BD1799200B331FB /* lighting_SpotLight.fsh */ = {isa = PBXFileReference; fileEncoding = 4; lastKnownFileType = sourcecode.glsl; path = lighting_SpotLight.fsh; sourceTree = "<group>"; };
		70ED864F1BFBC31300A35A7B /* ibl.vsh */ = {isa = PBXFileReference; fileEncoding = 4; lastKnownFileType = sourcecode.glsl; path = ibl.vsh; sourceTree = "<group>"; };
		70ED86511BFBC31F00A35A7B /* ibl.fsh */ = {isa = PBXFileReference; fileEncoding = 4; lastKnownFileType = sourcecode.glsl; path = ibl.fsh; sourceTree = "<group>"; };
		70EF32F11BF4237100AFED20 /* LinearTrackBall.h */ = {isa = PBXFileReference; fileEncoding = 4; lastKnownFileType = sourcecode.c.h; path = LinearTrackBall.h; sourceTree = "<group>"; };
		70EF32F21BF4237100AFED20 /* LinearTrackBall.m */ = {isa = PBXFileReference; fileEncoding = 4; lastKnownFileType = sourcecode.c.objc; path = LinearTrackBall.m; sourceTree = "<group>"; };
		70F1F00B1BD9C22000A74CFF /* sphere.obj */ = {isa = PBXFileReference; fileEncoding = 4; lastKnownFileType = text; name = sphere.obj; path = Meshes/sphere.obj; sourceTree = "<group>"; };
		70F1F00F1BDAB5BB00A74CFF /* ShadowCastingLight.h */ = {isa = PBXFileReference; fileEncoding = 4; lastKnownFileType = sourcecode.c.h; path = ShadowCastingLight.h; sourceTree = "<group>"; };
		70F1F0101BDAB5BB00A74CFF /* ShadowCastingLight.m */ = {isa = PBXFileReference; fileEncoding = 4; lastKnownFileType = sourcecode.c.objc; path = ShadowCastingLight.m; sourceTree = "<group>"; };
		70F1F0121BDAC28600A74CFF /* SpotLight.h */ = {isa = PBXFileReference; fileEncoding = 4; lastKnownFileType = sourcecode.c.h; path = SpotLight.h; sourceTree = "<group>"; };
		70F1F0131BDAC28600A74CFF /* SpotLight.m */ = {isa = PBXFileReference; fileEncoding = 4; lastKnownFileType = sourcecode.c.objc; path = SpotLight.m; sourceTree = "<group>"; };
		70F1F0151BDD956000A74CFF /* shadowMap_SpotLight.fsh */ = {isa = PBXFileReference; fileEncoding = 4; lastKnownFileType = sourcecode.glsl; path = shadowMap_SpotLight.fsh; sourceTree = "<group>"; };
		70F1F0161BDD956000A74CFF /* shadowMap_SpotLight.vsh */ = {isa = PBXFileReference; fileEncoding = 4; lastKnownFileType = sourcecode.glsl; path = shadowMap_SpotLight.vsh; sourceTree = "<group>"; };
		70F1F0171BDD956000A74CFF /* shadowMap.fsh */ = {isa = PBXFileReference; fileEncoding = 4; lastKnownFileType = sourcecode.glsl; path = shadowMap.fsh; sourceTree = "<group>"; };
		70F1F0181BDD956000A74CFF /* shadowMap.vsh */ = {isa = PBXFileReference; fileEncoding = 4; lastKnownFileType = sourcecode.glsl; path = shadowMap.vsh; sourceTree = "<group>"; };
		70F1F0191BDD956000A74CFF /* shadowMap_PointLight.fsh */ = {isa = PBXFileReference; fileEncoding = 4; lastKnownFileType = sourcecode.glsl; path = shadowMap_PointLight.fsh; sourceTree = "<group>"; };
		70F1F01A1BDD956000A74CFF /* shadowMap_PointLight.vsh */ = {isa = PBXFileReference; fileEncoding = 4; lastKnownFileType = sourcecode.glsl; path = shadowMap_PointLight.vsh; sourceTree = "<group>"; };
		70F1F0211BDDB7B300A74CFF /* lighting_DirectionalLight_shadowed.fsh */ = {isa = PBXFileReference; fileEncoding = 4; lastKnownFileType = sourcecode.glsl; path = lighting_DirectionalLight_shadowed.fsh; sourceTree = "<group>"; };
		70F1F0221BDDB7B300A74CFF /* lighting_DirectionalLight_shadowed.vsh */ = {isa = PBXFileReference; fileEncoding = 4; lastKnownFileType = sourcecode.glsl; path = lighting_DirectionalLight_shadowed.vsh; sourceTree = "<group>"; };
		70F696441BAB55E400486C6D /* CS562Core.framework */ = {isa = PBXFileReference; lastKnownFileType = wrapper.framework; name = CS562Core.framework; path = "../../Library/Developer/Xcode/DerivedData/CS562Core-gqvecmhxcyfrpdfkmhgyucqdckgf/Build/Products/Release/CS562Core.framework"; sourceTree = "<group>"; };
		70FA9BA21C1A77EB00444523 /* ao_horizontal_filter.vsh */ = {isa = PBXFileReference; fileEncoding = 4; lastKnownFileType = sourcecode.glsl; path = ao_horizontal_filter.vsh; sourceTree = "<group>"; };
		70FA9BA41C1A78A200444523 /* ao_horizontal_filter.fsh */ = {isa = PBXFileReference; fileEncoding = 4; lastKnownFileType = sourcecode.glsl; path = ao_horizontal_filter.fsh; sourceTree = "<group>"; };
		70FA9BA61C1A9D8F00444523 /* ao_vertical_filter.vsh */ = {isa = PBXFileReference; fileEncoding = 4; lastKnownFileType = sourcecode.glsl; path = ao_vertical_filter.vsh; sourceTree = "<group>"; };
		70FA9BA81C1A9DA100444523 /* ao_vertical_filter.fsh */ = {isa = PBXFileReference; fileEncoding = 4; lastKnownFileType = sourcecode.glsl; path = ao_vertical_filter.fsh; sourceTree = "<group>"; };
		70FD24DA1BFDA03000A03897 /* Skydome.h */ = {isa = PBXFileReference; fileEncoding = 4; lastKnownFileType = sourcecode.c.h; path = Skydome.h; sourceTree = "<group>"; };
		70FD24DB1BFDA03000A03897 /* Skydome.m */ = {isa = PBXFileReference; fileEncoding = 4; lastKnownFileType = sourcecode.c.objc; path = Skydome.m; sourceTree = "<group>"; };
		70FDC2531BE944FD002E140C /* lighting_SpotLight_shadowed.vsh */ = {isa = PBXFileReference; fileEncoding = 4; lastKnownFileType = sourcecode.glsl; path = lighting_SpotLight_shadowed.vsh; sourceTree = "<group>"; };
		70FDC2551BE94518002E140C /* lighting_SpotLight_shadowed.fsh */ = {isa = PBXFileReference; fileEncoding = 4; lastKnownFileType = sourcecode.glsl; path = lighting_SpotLight_shadowed.fsh; sourceTree = "<group>"; };
		70FDF7AE1BAC95AB00D24F12 /* dragon.obj */ = {isa = PBXFileReference; fileEncoding = 4; lastKnownFileType = text; name = dragon.obj; path = Meshes/dragon.obj; sourceTree = "<group>"; };
		70FDF7AF1BAC95AB00D24F12 /* horse.obj */ = {isa = PBXFileReference; fileEncoding = 4; lastKnownFileType = text; name = horse.obj; path = Meshes/horse.obj; sourceTree = "<group>"; };
		70FDF7B01BAC95AB00D24F12 /* bunny.obj */ = {isa = PBXFileReference; fileEncoding = 4; lastKnownFileType = text; name = bunny.obj; path = Meshes/bunny.obj; sourceTree = "<group>"; };
		70FEFC551C153F10003C9B53 /* ao.vsh */ = {isa = PBXFileReference; fileEncoding = 4; lastKnownFileType = sourcecode.glsl; path = ao.vsh; sourceTree = "<group>"; };
		70FEFC571C153F1A003C9B53 /* ao.fsh */ = {isa = PBXFileReference; fileEncoding = 4; lastKnownFileType = sourcecode.glsl; path = ao.fsh; sourceTree = "<group>"; };
/* End PBXFileReference section */

/* Begin PBXFrameworksBuildPhase section */
		7060654C1B46FBC700C884F6 /* Frameworks */ = {
			isa = PBXFrameworksBuildPhase;
			buildActionMask = 2147483647;
			files = (
				7073CE721B4A383B00E3FEB8 /* GLKit.framework in Frameworks */,
				70D7D2351B482464007D87EA /* QuartzCore.framework in Frameworks */,
				70D7D2331B48245C007D87EA /* OpenGL.framework in Frameworks */,
				70F696461BAB55F600486C6D /* CS562Core.framework in Frameworks */,
			);
			runOnlyForDeploymentPostprocessing = 0;
		};
		706065621B46FBC700C884F6 /* Frameworks */ = {
			isa = PBXFrameworksBuildPhase;
			buildActionMask = 2147483647;
			files = (
				70F696481BAB58AD00486C6D /* CS562Core.framework in Frameworks */,
			);
			runOnlyForDeploymentPostprocessing = 0;
		};
/* End PBXFrameworksBuildPhase section */

/* Begin PBXGroup section */
		700D0BA01BA753D5009D9230 /* Models */ = {
			isa = PBXGroup;
			children = (
				700D0BB21BA761EE009D9230 /* Mesh.h */,
				700D0BB11BA761EE009D9230 /* Mesh.m */,
				700D0BA31BA7542B009D9230 /* MeshStore.h */,
				700D0BA41BA7542B009D9230 /* MeshStore.m */,
				702B488A1BB25CBC008DDA8C /* Transform.h */,
				702B488B1BB25CBC008DDA8C /* Transform.m */,
				702B488D1BB25D07008DDA8C /* Model3D.h */,
				702B488E1BB25D07008DDA8C /* Model3D.m */,
				702C24341BB451A1008C6AF8 /* World.h */,
				702C24351BB451A1008C6AF8 /* World.m */,
				70B43A321BBA604700AA9716 /* Material.h */,
				70B43A331BBA604700AA9716 /* Material.m */,
				7053C6B11BBCBCFB00658E39 /* PerspectiveView.h */,
				7053C6B21BBCBCFB00658E39 /* PerspectiveView.m */,
				70B43A2F1BBA5EE100AA9716 /* PointLight.h */,
				70B43A301BBA5EE100AA9716 /* PointLight.m */,
				70E302B41BD74384002AEB4B /* DirectionalLight.h */,
				70E302B51BD74384002AEB4B /* DirectionalLight.m */,
				70F1F0121BDAC28600A74CFF /* SpotLight.h */,
				70F1F0131BDAC28600A74CFF /* SpotLight.m */,
			);
			name = Models;
			sourceTree = "<group>";
		};
		700D0BA11BA753DC009D9230 /* Views */ = {
			isa = PBXGroup;
			children = (
				70F1F00F1BDAB5BB00A74CFF /* ShadowCastingLight.h */,
				70F1F0101BDAB5BB00A74CFF /* ShadowCastingLight.m */,
				70FD24DA1BFDA03000A03897 /* Skydome.h */,
				70FD24DB1BFDA03000A03897 /* Skydome.m */,
			);
			name = Views;
			sourceTree = "<group>";
		};
		700D0BA21BA753E1009D9230 /* Controllers */ = {
			isa = PBXGroup;
			children = (
				702C24371BB451C5008C6AF8 /* FirstPersonControls.h */,
				702C24381BB451C5008C6AF8 /* FirstPersonControls.m */,
				70EF32F11BF4237100AFED20 /* LinearTrackBall.h */,
				70EF32F21BF4237100AFED20 /* LinearTrackBall.m */,
			);
			name = Controllers;
			sourceTree = "<group>";
		};
		700D0BB71BA7678B009D9230 /* DataFiles */ = {
			isa = PBXGroup;
			children = (
				700D0BBA1BA7682B009D9230 /* Sample.json */,
				700D0BB81BA767B5009D9230 /* Engine.json */,
				7007D8831BB3C620008DCB56 /* cube.json */,
				7007D8851BB3CA18008DCB56 /* camera.json */,
				70B43A2D1BBA5D6200AA9716 /* pointLight.json */,
				70E302B71BD7454E002AEB4B /* directionLight.json */,
				70E17B491BCB194300B2EA45 /* bunny.json */,
				7055ECE21BD59E0700F2C100 /* plane.json */,
			);
			name = DataFiles;
			sourceTree = "<group>";
		};
		701E2F841B7E60B400807877 /* BoilerPlate */ = {
			isa = PBXGroup;
			children = (
				700D0BB51BA761EE009D9230 /* MacroCommons.h */,
				701E2F851B7E60DA00807877 /* initGL.h */,
				701E2F861B7E612500807877 /* initGL.c */,
				700A1E691BC0B85100AE871C /* OpenGLErrorHandling.h */,
				700A1E6A1BC0B87A00AE871C /* OpenGLErrorHandling.c */,
			);
			name = BoilerPlate;
			sourceTree = "<group>";
		};
		7053C6BB1BBF128400658E39 /* GraphicsPipeline */ = {
			isa = PBXGroup;
			children = (
				701117701BC7074500E351EA /* Image.h */,
				701117711BC7074500E351EA /* Image.m */,
				7084E3B41BAF85EF00C866E7 /* ShaderManager.h */,
				7084E3B31BAF85EF00C866E7 /* ShaderManager.m */,
				7084E3B01BAF83A800C866E7 /* Shader.h */,
				7084E3B11BAF83A800C866E7 /* Shader.m */,
				7053C6B41BBCFE8800658E39 /* RenderTarget.h */,
				7053C6B51BBCFE8800658E39 /* RenderTarget.m */,
				7053C6B81BBF06FE00658E39 /* GBuffer.h */,
				7053C6B91BBF06FE00658E39 /* GBuffer.m */,
			);
			name = GraphicsPipeline;
			sourceTree = "<group>";
		};
		706065461B46FBC700C884F6 = {
			isa = PBXGroup;
			children = (
				70F696441BAB55E400486C6D /* CS562Core.framework */,
				7073CE711B4A383B00E3FEB8 /* GLKit.framework */,
				70D7D2341B482464007D87EA /* QuartzCore.framework */,
				70D7D2321B48245C007D87EA /* OpenGL.framework */,
				706065511B46FBC700C884F6 /* CS562 */,
				706065681B46FBC700C884F6 /* CS562Tests */,
				706065501B46FBC700C884F6 /* Products */,
			);
			sourceTree = "<group>";
		};
		706065501B46FBC700C884F6 /* Products */ = {
			isa = PBXGroup;
			children = (
				7060654F1B46FBC700C884F6 /* CS562.app */,
				706065651B46FBC700C884F6 /* CS562Tests.xctest */,
			);
			name = Products;
			sourceTree = "<group>";
		};
		706065511B46FBC700C884F6 /* CS562 */ = {
			isa = PBXGroup;
			children = (
				7084E3AF1BAF837F00C866E7 /* Utility */,
				7084E3A81BAF78AF00C866E7 /* Shaders */,
				707A337B1BF938D60030EACB /* Textures */,
				70F6964C1BAC926700486C6D /* Meshes */,
				700D0BB71BA7678B009D9230 /* DataFiles */,
				700D0BA21BA753E1009D9230 /* Controllers */,
				700D0BA11BA753DC009D9230 /* Views */,
				700D0BA01BA753D5009D9230 /* Models */,
				7053C6BB1BBF128400658E39 /* GraphicsPipeline */,
				701E2F841B7E60B400807877 /* BoilerPlate */,
				706065541B46FBC700C884F6 /* AppDelegate.h */,
				706065551B46FBC700C884F6 /* AppDelegate.m */,
				7073CE6C1B49DF1700E3FEB8 /* View.h */,
				7073CE6D1B49DF1700E3FEB8 /* View.m */,
				706065591B46FBC700C884F6 /* ViewController.h */,
				7060655A1B46FBC700C884F6 /* ViewController.m */,
				7060655C1B46FBC700C884F6 /* Images.xcassets */,
				7060655E1B46FBC700C884F6 /* Main.storyboard */,
				706065521B46FBC700C884F6 /* Supporting Files */,
				7073CE6F1B4A378800E3FEB8 /* README */,
			);
			path = CS562;
			sourceTree = "<group>";
		};
		706065521B46FBC700C884F6 /* Supporting Files */ = {
			isa = PBXGroup;
			children = (
				706065531B46FBC700C884F6 /* Info.plist */,
				706065571B46FBC700C884F6 /* main.m */,
			);
			name = "Supporting Files";
			sourceTree = "<group>";
		};
		706065681B46FBC700C884F6 /* CS562Tests */ = {
			isa = PBXGroup;
			children = (
				7060656B1B46FBC700C884F6 /* CS562Tests.m */,
				706065691B46FBC700C884F6 /* Supporting Files */,
				700D0BBE1BA77422009D9230 /* MeshLoadTimes.m */,
			);
			path = CS562Tests;
			sourceTree = "<group>";
		};
		706065691B46FBC700C884F6 /* Supporting Files */ = {
			isa = PBXGroup;
			children = (
				7060656A1B46FBC700C884F6 /* Info.plist */,
			);
			name = "Supporting Files";
			sourceTree = "<group>";
		};
		707A337B1BF938D60030EACB /* Textures */ = {
			isa = PBXGroup;
			children = (
				707CD4C21C167D4D00E767A5 /* Alexs_Apt_2k.hdr */,
				707CD4C31C167D4D00E767A5 /* Alexs_Apt_2k.irrhdr */,
				707CD4C41C167D4D00E767A5 /* Arches_E_PineTree_3k.hdr */,
				707CD4C51C167D4D00E767A5 /* Arches_E_PineTree_3k.irrhdr */,
				707CD4C61C167D4D00E767A5 /* Barce_Rooftop_C_3k.hdr */,
				707CD4C71C167D4D00E767A5 /* Barce_Rooftop_C_3k.irrhdr */,
				707CD4C81C167D4D00E767A5 /* Factory_Catwalk_2k.hdr */,
				707CD4C91C167D4D00E767A5 /* Factory_Catwalk_2k.irrhdr */,
				707CD4CA1C167D4D00E767A5 /* MonValley_A_LookoutPoint_2k.hdr */,
				707CD4CB1C167D4D00E767A5 /* MonValley_A_LookoutPoint_2k.irrhdr */,
				707CD4CC1C167D4D00E767A5 /* Newport_Loft_Ref.hdr */,
				707CD4CD1C167D4D00E767A5 /* Newport_Loft_Ref.irrhdr */,
				707CD4CE1C167D4D00E767A5 /* Playa_Sunrise.hdr */,
				707CD4CF1C167D4D00E767A5 /* Playa_Sunrise.irrhdr */,
				707CD4D01C167D4D00E767A5 /* Sierra_Madre_B_Ref.hdr */,
				707CD4D11C167D4D00E767A5 /* Sierra_Madre_B_Ref.irrhdr */,
				707A337C1BF939EF0030EACB /* 14-Hamarikyu_Bridge_B_3k.hdr */,
				707A337D1BF939EF0030EACB /* 14-Hamarikyu_Bridge_B_3k.irrhdr */,
				701117721BC7074500E351EA /* metal_roof_diff_512x512.tga */,
			);
			name = Textures;
			sourceTree = "<group>";
		};
		7084E3A81BAF78AF00C866E7 /* Shaders */ = {
			isa = PBXGroup;
			children = (
				7084E3A91BAF78F600C866E7 /* simple.vsh */,
				7084E3AB1BAF790200C866E7 /* simple.fsh */,
				70981DB71BBAE8AB00D78D4A /* geometry.vsh */,
				70981DB91BBAE8CB00D78D4A /* geometry.fsh */,
				700A1E6C1BC18F2F00AE871C /* lighting_PointLight.vsh */,
				700A1E6E1BC18F3E00AE871C /* lighting_PointLight.fsh */,
				70E4A7641BD1796000B331FB /* lighting_DirectionalLight.vsh */,
				70E4A7661BD1796C00B331FB /* lighting_DirectionalLight.fsh */,
				70F1F0221BDDB7B300A74CFF /* lighting_DirectionalLight_shadowed.vsh */,
				70F1F0211BDDB7B300A74CFF /* lighting_DirectionalLight_shadowed.fsh */,
				70E4A7681BD1798100B331FB /* lighting_SpotLight.vsh */,
				70E4A76A1BD1799200B331FB /* lighting_SpotLight.fsh */,
				70FDC2531BE944FD002E140C /* lighting_SpotLight_shadowed.vsh */,
				70FDC2551BE94518002E140C /* lighting_SpotLight_shadowed.fsh */,
				70F1F0181BDD956000A74CFF /* shadowMap.vsh */,
				70F1F0171BDD956000A74CFF /* shadowMap.fsh */,
				70F1F0161BDD956000A74CFF /* shadowMap_SpotLight.vsh */,
				70F1F0151BDD956000A74CFF /* shadowMap_SpotLight.fsh */,
				70F1F01A1BDD956000A74CFF /* shadowMap_PointLight.vsh */,
				70F1F0191BDD956000A74CFF /* shadowMap_PointLight.fsh */,
				70ED864F1BFBC31300A35A7B /* ibl.vsh */,
				70ED86511BFBC31F00A35A7B /* ibl.fsh */,
				707188D91BFD784F002909C7 /* skydome.vsh */,
				707188D71BFD7844002909C7 /* skydome.fsh */,
				70FEFC551C153F10003C9B53 /* ao.vsh */,
				70FEFC571C153F1A003C9B53 /* ao.fsh */,
				70FA9BA21C1A77EB00444523 /* ao_horizontal_filter.vsh */,
				70FA9BA41C1A78A200444523 /* ao_horizontal_filter.fsh */,
				70FA9BA61C1A9D8F00444523 /* ao_vertical_filter.vsh */,
				70FA9BA81C1A9DA100444523 /* ao_vertical_filter.fsh */,
			);
			name = Shaders;
			sourceTree = "<group>";
		};
		7084E3AF1BAF837F00C866E7 /* Utility */ = {
			isa = PBXGroup;
			children = (
				7007D8801BB3B07F008DCB56 /* CDataInitializer.h */,
				7007D8811BB3B07F008DCB56 /* CDataInitializer.m */,
				7053C6B71BBD001900658E39 /* RenderTargetDefs.h */,
			);
			name = Utility;
			sourceTree = "<group>";
		};
		70F6964C1BAC926700486C6D /* Meshes */ = {
			isa = PBXGroup;
			children = (
				70F1F00B1BD9C22000A74CFF /* sphere.obj */,
				7055ECE41BD59E2100F2C100 /* plane.obj */,
				709768611BB0722B007369D4 /* cube.obj */,
				70FDF7AE1BAC95AB00D24F12 /* dragon.obj */,
				70FDF7AF1BAC95AB00D24F12 /* horse.obj */,
				70FDF7B01BAC95AB00D24F12 /* bunny.obj */,
			);
			name = Meshes;
			sourceTree = "<group>";
		};
/* End PBXGroup section */

/* Begin PBXNativeTarget section */
		7060654E1B46FBC700C884F6 /* CS562 */ = {
			isa = PBXNativeTarget;
			buildConfigurationList = 7060656F1B46FBC700C884F6 /* Build configuration list for PBXNativeTarget "CS562" */;
			buildPhases = (
				7060654B1B46FBC700C884F6 /* Sources */,
				7060654C1B46FBC700C884F6 /* Frameworks */,
				7060654D1B46FBC700C884F6 /* Resources */,
				700D0B9D1BA63C97009D9230 /* Embed Frameworks */,
			);
			buildRules = (
			);
			dependencies = (
			);
			name = CS562;
			productName = CS562;
			productReference = 7060654F1B46FBC700C884F6 /* CS562.app */;
			productType = "com.apple.product-type.application";
		};
		706065641B46FBC700C884F6 /* CS562Tests */ = {
			isa = PBXNativeTarget;
			buildConfigurationList = 706065721B46FBC700C884F6 /* Build configuration list for PBXNativeTarget "CS562Tests" */;
			buildPhases = (
				706065611B46FBC700C884F6 /* Sources */,
				706065621B46FBC700C884F6 /* Frameworks */,
				706065631B46FBC700C884F6 /* Resources */,
			);
			buildRules = (
			);
			dependencies = (
				706065671B46FBC700C884F6 /* PBXTargetDependency */,
			);
			name = CS562Tests;
			productName = CS562Tests;
			productReference = 706065651B46FBC700C884F6 /* CS562Tests.xctest */;
			productType = "com.apple.product-type.bundle.unit-test";
		};
/* End PBXNativeTarget section */

/* Begin PBXProject section */
		706065471B46FBC700C884F6 /* Project object */ = {
			isa = PBXProject;
			attributes = {
				LastUpgradeCheck = 0700;
				ORGANIZATIONNAME = "Felipe Robledo";
				TargetAttributes = {
					7060654E1B46FBC700C884F6 = {
						CreatedOnToolsVersion = 6.4;
					};
					706065641B46FBC700C884F6 = {
						CreatedOnToolsVersion = 6.4;
						TestTargetID = 7060654E1B46FBC700C884F6;
					};
				};
			};
			buildConfigurationList = 7060654A1B46FBC700C884F6 /* Build configuration list for PBXProject "CS562" */;
			compatibilityVersion = "Xcode 3.2";
			developmentRegion = English;
			hasScannedForEncodings = 0;
			knownRegions = (
				en,
				Base,
			);
			mainGroup = 706065461B46FBC700C884F6;
			productRefGroup = 706065501B46FBC700C884F6 /* Products */;
			projectDirPath = "";
			projectRoot = "";
			targets = (
				7060654E1B46FBC700C884F6 /* CS562 */,
				706065641B46FBC700C884F6 /* CS562Tests */,
			);
		};
/* End PBXProject section */

/* Begin PBXResourcesBuildPhase section */
		7060654D1B46FBC700C884F6 /* Resources */ = {
			isa = PBXResourcesBuildPhase;
			buildActionMask = 2147483647;
			files = (
				70FA9BA71C1A9D8F00444523 /* ao_vertical_filter.vsh in Resources */,
				707CD4DC1C167D4D00E767A5 /* Newport_Loft_Ref.hdr in Resources */,
				707CD4DD1C167D4D00E767A5 /* Newport_Loft_Ref.irrhdr in Resources */,
				70FEFC561C153F10003C9B53 /* ao.vsh in Resources */,
				707CD4D21C167D4D00E767A5 /* Alexs_Apt_2k.hdr in Resources */,
				70ED86501BFBC31300A35A7B /* ibl.vsh in Resources */,
				70FDF7B11BAC95AB00D24F12 /* dragon.obj in Resources */,
				70E4A7671BD1796C00B331FB /* lighting_DirectionalLight.fsh in Resources */,
				700D0BBB1BA7682B009D9230 /* Sample.json in Resources */,
				70F1F01B1BDD956000A74CFF /* shadowMap_SpotLight.fsh in Resources */,
				7060655D1B46FBC700C884F6 /* Images.xcassets in Resources */,
				707CD4D81C167D4D00E767A5 /* Factory_Catwalk_2k.hdr in Resources */,
				7055ECE51BD59E2100F2C100 /* plane.obj in Resources */,
				70F1F01F1BDD956000A74CFF /* shadowMap_PointLight.fsh in Resources */,
				7007D8861BB3CA18008DCB56 /* camera.json in Resources */,
				7084E3AC1BAF790200C866E7 /* simple.fsh in Resources */,
				701117741BC7074500E351EA /* metal_roof_diff_512x512.tga in Resources */,
				707CD4DF1C167D4D00E767A5 /* Playa_Sunrise.irrhdr in Resources */,
				707CD4D41C167D4D00E767A5 /* Arches_E_PineTree_3k.hdr in Resources */,
				70FDC2541BE944FD002E140C /* lighting_SpotLight_shadowed.vsh in Resources */,
				707CD4D91C167D4D00E767A5 /* Factory_Catwalk_2k.irrhdr in Resources */,
				70F1F0241BDDB7B300A74CFF /* lighting_DirectionalLight_shadowed.vsh in Resources */,
				70F1F01D1BDD956000A74CFF /* shadowMap.fsh in Resources */,
				707188DA1BFD784F002909C7 /* skydome.vsh in Resources */,
				70FA9BA31C1A77EB00444523 /* ao_horizontal_filter.vsh in Resources */,
				70E17B4A1BCB194300B2EA45 /* bunny.json in Resources */,
				70E4A76B1BD1799200B331FB /* lighting_SpotLight.fsh in Resources */,
				707CD4E11C167D4D00E767A5 /* Sierra_Madre_B_Ref.irrhdr in Resources */,
				700D0BB91BA767B5009D9230 /* Engine.json in Resources */,
				70981DB81BBAE8AB00D78D4A /* geometry.vsh in Resources */,
				707A337E1BF939EF0030EACB /* 14-Hamarikyu_Bridge_B_3k.hdr in Resources */,
				70E4A7651BD1796000B331FB /* lighting_DirectionalLight.vsh in Resources */,
				70981DBA1BBAE8CB00D78D4A /* geometry.fsh in Resources */,
				707CD4DE1C167D4D00E767A5 /* Playa_Sunrise.hdr in Resources */,
				707CD4E01C167D4D00E767A5 /* Sierra_Madre_B_Ref.hdr in Resources */,
				70FEFC581C153F1A003C9B53 /* ao.fsh in Resources */,
				707CD4DB1C167D4D00E767A5 /* MonValley_A_LookoutPoint_2k.irrhdr in Resources */,
				709768621BB0722B007369D4 /* cube.obj in Resources */,
				70F1F01E1BDD956000A74CFF /* shadowMap.vsh in Resources */,
				70FA9BA91C1A9DA100444523 /* ao_vertical_filter.fsh in Resources */,
				707CD4D51C167D4D00E767A5 /* Arches_E_PineTree_3k.irrhdr in Resources */,
				70FDF7B31BAC95AB00D24F12 /* horse.obj in Resources */,
				706065601B46FBC700C884F6 /* Main.storyboard in Resources */,
				707CD4DA1C167D4D00E767A5 /* MonValley_A_LookoutPoint_2k.hdr in Resources */,
				70FDF7B51BAC95AB00D24F12 /* bunny.obj in Resources */,
				707188D81BFD7844002909C7 /* skydome.fsh in Resources */,
				70F1F00D1BD9C22000A74CFF /* sphere.obj in Resources */,
				70B43A2E1BBA5D6200AA9716 /* pointLight.json in Resources */,
				70F1F0231BDDB7B300A74CFF /* lighting_DirectionalLight_shadowed.fsh in Resources */,
				700A1E6F1BC18F3E00AE871C /* lighting_PointLight.fsh in Resources */,
				70F1F01C1BDD956000A74CFF /* shadowMap_SpotLight.vsh in Resources */,
				707CD4D71C167D4D00E767A5 /* Barce_Rooftop_C_3k.irrhdr in Resources */,
				7084E3AA1BAF78F600C866E7 /* simple.vsh in Resources */,
				70FA9BA51C1A78A200444523 /* ao_horizontal_filter.fsh in Resources */,
				7007D8841BB3C620008DCB56 /* cube.json in Resources */,
				707A337F1BF939EF0030EACB /* 14-Hamarikyu_Bridge_B_3k.irrhdr in Resources */,
				7055ECE31BD59E0700F2C100 /* plane.json in Resources */,
				707CD4D61C167D4D00E767A5 /* Barce_Rooftop_C_3k.hdr in Resources */,
				70E302B81BD7454E002AEB4B /* directionLight.json in Resources */,
				707CD4D31C167D4D00E767A5 /* Alexs_Apt_2k.irrhdr in Resources */,
				7073CE701B4A378800E3FEB8 /* README in Resources */,
				70F1F0201BDD956000A74CFF /* shadowMap_PointLight.vsh in Resources */,
				70E4A7691BD1798100B331FB /* lighting_SpotLight.vsh in Resources */,
				700A1E6D1BC18F2F00AE871C /* lighting_PointLight.vsh in Resources */,
				70ED86521BFBC31F00A35A7B /* ibl.fsh in Resources */,
				70FDC2561BE94518002E140C /* lighting_SpotLight_shadowed.fsh in Resources */,
			);
			runOnlyForDeploymentPostprocessing = 0;
		};
		706065631B46FBC700C884F6 /* Resources */ = {
			isa = PBXResourcesBuildPhase;
			buildActionMask = 2147483647;
			files = (
				70FDF7B21BAC95AB00D24F12 /* dragon.obj in Resources */,
				70FDF7B41BAC95AB00D24F12 /* horse.obj in Resources */,
				70FDF7B61BAC95AB00D24F12 /* bunny.obj in Resources */,
			);
			runOnlyForDeploymentPostprocessing = 0;
		};
/* End PBXResourcesBuildPhase section */

/* Begin PBXSourcesBuildPhase section */
		7060654B1B46FBC700C884F6 /* Sources */ = {
			isa = PBXSourcesBuildPhase;
			buildActionMask = 2147483647;
			files = (
				7053C6B61BBCFE8800658E39 /* RenderTarget.m in Sources */,
				702B488F1BB25D07008DDA8C /* Model3D.m in Sources */,
				700D0BB61BA761EE009D9230 /* Mesh.m in Sources */,
				7007D8821BB3B07F008DCB56 /* CDataInitializer.m in Sources */,
				7053C6BA1BBF06FE00658E39 /* GBuffer.m in Sources */,
				700D0BA51BA7542B009D9230 /* MeshStore.m in Sources */,
				70F1F0111BDAB5BB00A74CFF /* ShadowCastingLight.m in Sources */,
				701117731BC7074500E351EA /* Image.m in Sources */,
				70B43A341BBA604700AA9716 /* Material.m in Sources */,
				702B488C1BB25CBC008DDA8C /* Transform.m in Sources */,
				7084E3B21BAF83A800C866E7 /* Shader.m in Sources */,
				7073CE6E1B49DF1700E3FEB8 /* View.m in Sources */,
				7060655B1B46FBC700C884F6 /* ViewController.m in Sources */,
				70EF32F31BF4237100AFED20 /* LinearTrackBall.m in Sources */,
				7053C6B31BBCBCFB00658E39 /* PerspectiveView.m in Sources */,
				706065581B46FBC700C884F6 /* main.m in Sources */,
				706065561B46FBC700C884F6 /* AppDelegate.m in Sources */,
				70E302B61BD74384002AEB4B /* DirectionalLight.m in Sources */,
				700A1E6B1BC0B87A00AE871C /* OpenGLErrorHandling.c in Sources */,
				7084E3B51BAF85EF00C866E7 /* ShaderManager.m in Sources */,
				70FD24DC1BFDA03000A03897 /* Skydome.m in Sources */,
				702C24391BB451C5008C6AF8 /* FirstPersonControls.m in Sources */,
				70F1F0141BDAC28600A74CFF /* SpotLight.m in Sources */,
				701E2F871B7E612500807877 /* initGL.c in Sources */,
				70B43A311BBA5EE100AA9716 /* PointLight.m in Sources */,
				702C24361BB451A1008C6AF8 /* World.m in Sources */,
			);
			runOnlyForDeploymentPostprocessing = 0;
		};
		706065611B46FBC700C884F6 /* Sources */ = {
			isa = PBXSourcesBuildPhase;
			buildActionMask = 2147483647;
			files = (
				7060656C1B46FBC700C884F6 /* CS562Tests.m in Sources */,
				700D0BBF1BA77422009D9230 /* MeshLoadTimes.m in Sources */,
			);
			runOnlyForDeploymentPostprocessing = 0;
		};
/* End PBXSourcesBuildPhase section */

/* Begin PBXTargetDependency section */
		706065671B46FBC700C884F6 /* PBXTargetDependency */ = {
			isa = PBXTargetDependency;
			target = 7060654E1B46FBC700C884F6 /* CS562 */;
			targetProxy = 706065661B46FBC700C884F6 /* PBXContainerItemProxy */;
		};
/* End PBXTargetDependency section */

/* Begin PBXVariantGroup section */
		7060655E1B46FBC700C884F6 /* Main.storyboard */ = {
			isa = PBXVariantGroup;
			children = (
				7060655F1B46FBC700C884F6 /* Base */,
			);
			name = Main.storyboard;
			sourceTree = "<group>";
		};
/* End PBXVariantGroup section */

/* Begin XCBuildConfiguration section */
		7060656D1B46FBC700C884F6 /* Debug */ = {
			isa = XCBuildConfiguration;
			buildSettings = {
				ALWAYS_SEARCH_USER_PATHS = NO;
				CLANG_CXX_LANGUAGE_STANDARD = "gnu++0x";
				CLANG_CXX_LIBRARY = "libc++";
				CLANG_ENABLE_MODULES = YES;
				CLANG_ENABLE_OBJC_ARC = YES;
				CLANG_WARN_BOOL_CONVERSION = YES;
				CLANG_WARN_CONSTANT_CONVERSION = YES;
				CLANG_WARN_DIRECT_OBJC_ISA_USAGE = YES_ERROR;
				CLANG_WARN_EMPTY_BODY = YES;
				CLANG_WARN_ENUM_CONVERSION = YES;
				CLANG_WARN_INT_CONVERSION = YES;
				CLANG_WARN_OBJC_ROOT_CLASS = YES_ERROR;
				CLANG_WARN_UNREACHABLE_CODE = YES;
				CLANG_WARN__DUPLICATE_METHOD_MATCH = YES;
				CODE_SIGN_IDENTITY = "-";
				COPY_PHASE_STRIP = NO;
				DEBUG_INFORMATION_FORMAT = dwarf;
				ENABLE_STRICT_OBJC_MSGSEND = YES;
				ENABLE_TESTABILITY = YES;
				GCC_C_LANGUAGE_STANDARD = gnu99;
				GCC_DYNAMIC_NO_PIC = NO;
				GCC_NO_COMMON_BLOCKS = YES;
				GCC_OPTIMIZATION_LEVEL = 0;
				GCC_PREPROCESSOR_DEFINITIONS = (
					"DEBUG=1",
					"$(inherited)",
				);
				GCC_SYMBOLS_PRIVATE_EXTERN = NO;
				GCC_WARN_64_TO_32_BIT_CONVERSION = YES;
				GCC_WARN_ABOUT_RETURN_TYPE = YES_ERROR;
				GCC_WARN_UNDECLARED_SELECTOR = YES;
				GCC_WARN_UNINITIALIZED_AUTOS = YES_AGGRESSIVE;
				GCC_WARN_UNUSED_FUNCTION = YES;
				GCC_WARN_UNUSED_VARIABLE = YES;
				MACOSX_DEPLOYMENT_TARGET = 10.10;
				MTL_ENABLE_DEBUG_INFO = YES;
				ONLY_ACTIVE_ARCH = YES;
				SDKROOT = macosx;
			};
			name = Debug;
		};
		7060656E1B46FBC700C884F6 /* Release */ = {
			isa = XCBuildConfiguration;
			buildSettings = {
				ALWAYS_SEARCH_USER_PATHS = NO;
				CLANG_CXX_LANGUAGE_STANDARD = "gnu++0x";
				CLANG_CXX_LIBRARY = "libc++";
				CLANG_ENABLE_MODULES = YES;
				CLANG_ENABLE_OBJC_ARC = YES;
				CLANG_WARN_BOOL_CONVERSION = YES;
				CLANG_WARN_CONSTANT_CONVERSION = YES;
				CLANG_WARN_DIRECT_OBJC_ISA_USAGE = YES_ERROR;
				CLANG_WARN_EMPTY_BODY = YES;
				CLANG_WARN_ENUM_CONVERSION = YES;
				CLANG_WARN_INT_CONVERSION = YES;
				CLANG_WARN_OBJC_ROOT_CLASS = YES_ERROR;
				CLANG_WARN_UNREACHABLE_CODE = YES;
				CLANG_WARN__DUPLICATE_METHOD_MATCH = YES;
				CODE_SIGN_IDENTITY = "-";
				COPY_PHASE_STRIP = NO;
				DEBUG_INFORMATION_FORMAT = "dwarf-with-dsym";
				ENABLE_NS_ASSERTIONS = NO;
				ENABLE_STRICT_OBJC_MSGSEND = YES;
				GCC_C_LANGUAGE_STANDARD = gnu99;
				GCC_NO_COMMON_BLOCKS = YES;
				GCC_WARN_64_TO_32_BIT_CONVERSION = YES;
				GCC_WARN_ABOUT_RETURN_TYPE = YES_ERROR;
				GCC_WARN_UNDECLARED_SELECTOR = YES;
				GCC_WARN_UNINITIALIZED_AUTOS = YES_AGGRESSIVE;
				GCC_WARN_UNUSED_FUNCTION = YES;
				GCC_WARN_UNUSED_VARIABLE = YES;
				MACOSX_DEPLOYMENT_TARGET = 10.10;
				MTL_ENABLE_DEBUG_INFO = NO;
				SDKROOT = macosx;
			};
			name = Release;
		};
		706065701B46FBC700C884F6 /* Debug */ = {
			isa = XCBuildConfiguration;
			buildSettings = {
				ALWAYS_SEARCH_USER_PATHS = YES;
				ASSETCATALOG_COMPILER_APPICON_NAME = AppIcon;
				COMBINE_HIDPI_IMAGES = YES;
				FRAMEWORK_SEARCH_PATHS = (
					"$(inherited)",
					"$(USER_LIBRARY_DIR)/Developer/Xcode/DerivedData/CS562Core-gqvecmhxcyfrpdfkmhgyucqdckgf/Build/Products/Debug",
				);
				INFOPLIST_FILE = CS562/Info.plist;
				LD_RUNPATH_SEARCH_PATHS = "$(inherited) @executable_path/../Frameworks";
				PRODUCT_BUNDLE_IDENTIFIER = "DigiPen.$(PRODUCT_NAME:rfc1034identifier)";
				PRODUCT_NAME = "$(TARGET_NAME)";
			};
			name = Debug;
		};
		706065711B46FBC700C884F6 /* Release */ = {
			isa = XCBuildConfiguration;
			buildSettings = {
				ALWAYS_SEARCH_USER_PATHS = YES;
				ASSETCATALOG_COMPILER_APPICON_NAME = AppIcon;
				COMBINE_HIDPI_IMAGES = YES;
				FRAMEWORK_SEARCH_PATHS = (
					"$(inherited)",
					"$(USER_LIBRARY_DIR)/Developer/Xcode/DerivedData/CS562Core-gqvecmhxcyfrpdfkmhgyucqdckgf/Build/Products/Release",
				);
				GCC_SYMBOLS_PRIVATE_EXTERN = NO;
				INFOPLIST_FILE = CS562/Info.plist;
				LD_RUNPATH_SEARCH_PATHS = "$(inherited) @executable_path/../Frameworks";
				PRODUCT_BUNDLE_IDENTIFIER = "DigiPen.$(PRODUCT_NAME:rfc1034identifier)";
				PRODUCT_NAME = "$(TARGET_NAME)";
			};
			name = Release;
		};
		706065731B46FBC700C884F6 /* Debug */ = {
			isa = XCBuildConfiguration;
			buildSettings = {
				BUNDLE_LOADER = "$(TEST_HOST)";
				COMBINE_HIDPI_IMAGES = YES;
				FRAMEWORK_SEARCH_PATHS = (
					"$(DEVELOPER_FRAMEWORKS_DIR)",
					"$(inherited)",
				);
				"FRAMEWORK_SEARCH_PATHS[arch=x86_64]" = (
					"$(DEVELOPER_FRAMEWORKS_DIR)",
					"$(USER_LIBRARY_DIR)/Developer/Xcode/DerivedData/CS562Core-gqvecmhxcyfrpdfkmhgyucqdckgf/Build/Products/Debug",
					"$(inherited)",
				);
				GCC_PREPROCESSOR_DEFINITIONS = (
					"DEBUG=1",
					"$(inherited)",
				);
				INFOPLIST_FILE = CS562Tests/Info.plist;
				LD_RUNPATH_SEARCH_PATHS = "$(inherited) @executable_path/../Frameworks @loader_path/../Frameworks";
				PRODUCT_BUNDLE_IDENTIFIER = "DigiPen.$(PRODUCT_NAME:rfc1034identifier)";
				PRODUCT_NAME = "$(TARGET_NAME)";
				TEST_HOST = "$(BUILT_PRODUCTS_DIR)/CS562.app/Contents/MacOS/CS562";
			};
			name = Debug;
		};
		706065741B46FBC700C884F6 /* Release */ = {
			isa = XCBuildConfiguration;
			buildSettings = {
				BUNDLE_LOADER = "$(TEST_HOST)";
				COMBINE_HIDPI_IMAGES = YES;
				FRAMEWORK_SEARCH_PATHS = (
					"$(DEVELOPER_FRAMEWORKS_DIR)",
					"$(inherited)",
				);
				"FRAMEWORK_SEARCH_PATHS[arch=x86_64]" = "$(USER_LIBRARY_DIR)/Developer/Xcode/DerivedData/CS562Core-gqvecmhxcyfrpdfkmhgyucqdckgf/Build/Products/Release";
				INFOPLIST_FILE = CS562Tests/Info.plist;
				LD_RUNPATH_SEARCH_PATHS = "$(inherited) @executable_path/../Frameworks @loader_path/../Frameworks";
				PRODUCT_BUNDLE_IDENTIFIER = "DigiPen.$(PRODUCT_NAME:rfc1034identifier)";
				PRODUCT_NAME = "$(TARGET_NAME)";
				TEST_HOST = "$(BUILT_PRODUCTS_DIR)/CS562.app/Contents/MacOS/CS562";
			};
			name = Release;
		};
/* End XCBuildConfiguration section */

/* Begin XCConfigurationList section */
		7060654A1B46FBC700C884F6 /* Build configuration list for PBXProject "CS562" */ = {
			isa = XCConfigurationList;
			buildConfigurations = (
				7060656D1B46FBC700C884F6 /* Debug */,
				7060656E1B46FBC700C884F6 /* Release */,
			);
			defaultConfigurationIsVisible = 0;
			defaultConfigurationName = Release;
		};
		7060656F1B46FBC700C884F6 /* Build configuration list for PBXNativeTarget "CS562" */ = {
			isa = XCConfigurationList;
			buildConfigurations = (
				706065701B46FBC700C884F6 /* Debug */,
				706065711B46FBC700C884F6 /* Release */,
			);
			defaultConfigurationIsVisible = 0;
			defaultConfigurationName = Release;
		};
		706065721B46FBC700C884F6 /* Build configuration list for PBXNativeTarget "CS562Tests" */ = {
			isa = XCConfigurationList;
			buildConfigurations = (
				706065731B46FBC700C884F6 /* Debug */,
				706065741B46FBC700C884F6 /* Release */,
			);
			defaultConfigurationIsVisible = 0;
			defaultConfigurationName = Release;
		};
/* End XCConfigurationList section */
	};
	rootObject = 706065471B46FBC700C884F6 /* Project object */;
}
